// !$*UTF8*$!
{
	archiveVersion = 1;
	classes = {
	};
	objectVersion = 46;
	objects = {

/* Begin PBXBuildFile section */
		4603CC251C7DE062005DF397 /* Settings.bundle in Resources */ = {isa = PBXBuildFile; fileRef = 4603CC241C7DE062005DF397 /* Settings.bundle */; };
		460B4A391C6B5CF60089CC7E /* AppDelegate.swift in Sources */ = {isa = PBXBuildFile; fileRef = 460B4A381C6B5CF60089CC7E /* AppDelegate.swift */; };
		460B4A401C6B5CF60089CC7E /* Assets.xcassets in Resources */ = {isa = PBXBuildFile; fileRef = 460B4A3F1C6B5CF60089CC7E /* Assets.xcassets */; };
		460B4A4E1C6B5CF60089CC7E /* ImageniusTests.swift in Sources */ = {isa = PBXBuildFile; fileRef = 460B4A4D1C6B5CF60089CC7E /* ImageniusTests.swift */; };
		460B4A591C6B5CF60089CC7E /* ImageniusUITests.swift in Sources */ = {isa = PBXBuildFile; fileRef = 460B4A581C6B5CF60089CC7E /* ImageniusUITests.swift */; };
		460F5E331C87F1D1007C41C1 /* ReferenceProxy in CopyFiles */ = {isa = PBXBuildFile; fileRef = 464A802E1C7997DE006100DB /* SwifteriOS.framework */; settings = {ATTRIBUTES = (CodeSignOnCopy, RemoveHeadersOnCopy, ); }; };
		462D462F1D9ACCE200A82A8B /* MuteSettingViewController.swift in Sources */ = {isa = PBXBuildFile; fileRef = 462D462E1D9ACCE200A82A8B /* MuteSettingViewController.swift */; };
		46312B211CB6505F009183D9 /* UserViewController.swift in Sources */ = {isa = PBXBuildFile; fileRef = 46312B201CB6505F009183D9 /* UserViewController.swift */; };
		46312B231CB653B6009183D9 /* UserViewModel.swift in Sources */ = {isa = PBXBuildFile; fileRef = 46312B221CB653B6009183D9 /* UserViewModel.swift */; };
		46312B261CB69C1E009183D9 /* SettingBannerCell.swift in Sources */ = {isa = PBXBuildFile; fileRef = 46312B251CB69C1E009183D9 /* SettingBannerCell.swift */; };
		46312B281CB74B8C009183D9 /* TweetDetailViewController.swift in Sources */ = {isa = PBXBuildFile; fileRef = 46312B271CB74B8C009183D9 /* TweetDetailViewController.swift */; };
		46312B2A1CB74C6D009183D9 /* TweetDetailViewModel.swift in Sources */ = {isa = PBXBuildFile; fileRef = 46312B291CB74C6D009183D9 /* TweetDetailViewModel.swift */; };
		4634CB511CBA71FF00E9E834 /* Date+CustomFormat.swift in Sources */ = {isa = PBXBuildFile; fileRef = 4634CB501CBA71FF00E9E834 /* Date+CustomFormat.swift */; };
		4635470B1E77DA180026EF63 /* FavoriteResultViewController.storyboard in Resources */ = {isa = PBXBuildFile; fileRef = 4635470A1E77DA180026EF63 /* FavoriteResultViewController.storyboard */; };
		4635470D1E77DAE70026EF63 /* FavoriteImageViewController.storyboard in Resources */ = {isa = PBXBuildFile; fileRef = 4635470C1E77DAE70026EF63 /* FavoriteImageViewController.storyboard */; };
		4635470F1E77DB1B0026EF63 /* TweetViewController.storyboard in Resources */ = {isa = PBXBuildFile; fileRef = 4635470E1E77DB1B0026EF63 /* TweetViewController.storyboard */; };
		463547111E77DB3F0026EF63 /* Pages.storyboard in Resources */ = {isa = PBXBuildFile; fileRef = 463547101E77DB3F0026EF63 /* Pages.storyboard */; };
		463547131E77DB740026EF63 /* ImagePreViewController.storyboard in Resources */ = {isa = PBXBuildFile; fileRef = 463547121E77DB740026EF63 /* ImagePreViewController.storyboard */; };
		463547151E77DB990026EF63 /* GIFViewController.storyboard in Resources */ = {isa = PBXBuildFile; fileRef = 463547141E77DB990026EF63 /* GIFViewController.storyboard */; };
		463547171E77DC0C0026EF63 /* InfoPageViewController.storyboard in Resources */ = {isa = PBXBuildFile; fileRef = 463547161E77DC0C0026EF63 /* InfoPageViewController.storyboard */; };
		463547191E77DC270026EF63 /* InfoContainerViewController.storyboard in Resources */ = {isa = PBXBuildFile; fileRef = 463547181E77DC270026EF63 /* InfoContainerViewController.storyboard */; };
		4635471B1E77DC560026EF63 /* WebViewController.storyboard in Resources */ = {isa = PBXBuildFile; fileRef = 4635471A1E77DC560026EF63 /* WebViewController.storyboard */; };
		4635471D1E77DC700026EF63 /* WatchListViewController.storyboard in Resources */ = {isa = PBXBuildFile; fileRef = 4635471C1E77DC700026EF63 /* WatchListViewController.storyboard */; };
		4635471F1E77DCC10026EF63 /* TweetDetailViewController.storyboard in Resources */ = {isa = PBXBuildFile; fileRef = 4635471E1E77DCC10026EF63 /* TweetDetailViewController.storyboard */; };
		463547211E77DCF30026EF63 /* UserViewController.storyboard in Resources */ = {isa = PBXBuildFile; fileRef = 463547201E77DCF30026EF63 /* UserViewController.storyboard */; };
		463547231E77DD2A0026EF63 /* MuteSettingViewController.storyboard in Resources */ = {isa = PBXBuildFile; fileRef = 463547221E77DD2A0026EF63 /* MuteSettingViewController.storyboard */; };
		463547251E77DD520026EF63 /* RTSettingTableViewController.storyboard in Resources */ = {isa = PBXBuildFile; fileRef = 463547241E77DD520026EF63 /* RTSettingTableViewController.storyboard */; };
		463547291E77DDA00026EF63 /* SettingTableViewController.storyboard in Resources */ = {isa = PBXBuildFile; fileRef = 463547281E77DDA00026EF63 /* SettingTableViewController.storyboard */; };
		4635472B1E77DE7D0026EF63 /* ReplyViewController.storyboard in Resources */ = {isa = PBXBuildFile; fileRef = 4635472A1E77DE7D0026EF63 /* ReplyViewController.storyboard */; };
		4635472D1E77DE9B0026EF63 /* TimeLineViewController.storyboard in Resources */ = {isa = PBXBuildFile; fileRef = 4635472C1E77DE9B0026EF63 /* TimeLineViewController.storyboard */; };
		4635472F1E77DEF90026EF63 /* ListAllViewController.storyboard in Resources */ = {isa = PBXBuildFile; fileRef = 4635472E1E77DEF90026EF63 /* ListAllViewController.storyboard */; };
		463547311E77DFAE0026EF63 /* RootTabController.storyboard in Resources */ = {isa = PBXBuildFile; fileRef = 463547301E77DFAE0026EF63 /* RootTabController.storyboard */; };
		463547331E77EAC90026EF63 /* String+Error.swift in Sources */ = {isa = PBXBuildFile; fileRef = 463547321E77EAC90026EF63 /* String+Error.swift */; };
		4652B0CE1D98B96E00B6E9CB /* ListAllViewController.swift in Sources */ = {isa = PBXBuildFile; fileRef = 4652B0CD1D98B96E00B6E9CB /* ListAllViewController.swift */; };
		4652B0D01D98C51C00B6E9CB /* WatchListViewController.swift in Sources */ = {isa = PBXBuildFile; fileRef = 4652B0CF1D98C51C00B6E9CB /* WatchListViewController.swift */; };
		465D5AC11E762547003FD4A5 /* RxImagePickerDelegateProxy.swift in Sources */ = {isa = PBXBuildFile; fileRef = 465D5AC01E762547003FD4A5 /* RxImagePickerDelegateProxy.swift */; };
		467549E61C96BB1B00FB3747 /* MessageUI.framework in Frameworks */ = {isa = PBXBuildFile; fileRef = 467549E51C96BB1B00FB3747 /* MessageUI.framework */; };
		468722731CB25F4B00DEF2DB /* Icon-40.png in Resources */ = {isa = PBXBuildFile; fileRef = 4687225F1CB25F4B00DEF2DB /* Icon-40.png */; };
		468722741CB25F4B00DEF2DB /* Icon-40@2x.png in Resources */ = {isa = PBXBuildFile; fileRef = 468722601CB25F4B00DEF2DB /* Icon-40@2x.png */; };
		468722751CB25F4B00DEF2DB /* Icon-40@3x.png in Resources */ = {isa = PBXBuildFile; fileRef = 468722611CB25F4B00DEF2DB /* Icon-40@3x.png */; };
		468722761CB25F4B00DEF2DB /* Icon-60.png in Resources */ = {isa = PBXBuildFile; fileRef = 468722621CB25F4B00DEF2DB /* Icon-60.png */; };
		468722771CB25F4B00DEF2DB /* Icon-60@2x.png in Resources */ = {isa = PBXBuildFile; fileRef = 468722631CB25F4B00DEF2DB /* Icon-60@2x.png */; };
		468722781CB25F4B00DEF2DB /* Icon-60@3x.png in Resources */ = {isa = PBXBuildFile; fileRef = 468722641CB25F4B00DEF2DB /* Icon-60@3x.png */; };
		468722791CB25F4B00DEF2DB /* Icon-72.png in Resources */ = {isa = PBXBuildFile; fileRef = 468722651CB25F4B00DEF2DB /* Icon-72.png */; };
		4687227A1CB25F4B00DEF2DB /* Icon-72@2x.png in Resources */ = {isa = PBXBuildFile; fileRef = 468722661CB25F4B00DEF2DB /* Icon-72@2x.png */; };
		4687227B1CB25F4B00DEF2DB /* Icon-76.png in Resources */ = {isa = PBXBuildFile; fileRef = 468722671CB25F4B00DEF2DB /* Icon-76.png */; };
		4687227C1CB25F4B00DEF2DB /* Icon-76@2x.png in Resources */ = {isa = PBXBuildFile; fileRef = 468722681CB25F4B00DEF2DB /* Icon-76@2x.png */; };
		4687227D1CB25F4B00DEF2DB /* Icon-83.5@2x.png in Resources */ = {isa = PBXBuildFile; fileRef = 468722691CB25F4B00DEF2DB /* Icon-83.5@2x.png */; };
		4687227E1CB25F4B00DEF2DB /* Icon-Small-50.png in Resources */ = {isa = PBXBuildFile; fileRef = 4687226A1CB25F4B00DEF2DB /* Icon-Small-50.png */; };
		4687227F1CB25F4B00DEF2DB /* Icon-Small-50@2x.png in Resources */ = {isa = PBXBuildFile; fileRef = 4687226B1CB25F4B00DEF2DB /* Icon-Small-50@2x.png */; };
		468722801CB25F4B00DEF2DB /* Icon-Small.png in Resources */ = {isa = PBXBuildFile; fileRef = 4687226C1CB25F4B00DEF2DB /* Icon-Small.png */; };
		468722811CB25F4B00DEF2DB /* Icon-Small@2x.png in Resources */ = {isa = PBXBuildFile; fileRef = 4687226D1CB25F4B00DEF2DB /* Icon-Small@2x.png */; };
		468722821CB25F4B00DEF2DB /* Icon-Small@3x.png in Resources */ = {isa = PBXBuildFile; fileRef = 4687226E1CB25F4B00DEF2DB /* Icon-Small@3x.png */; };
		468722831CB25F4B00DEF2DB /* Icon.png in Resources */ = {isa = PBXBuildFile; fileRef = 4687226F1CB25F4B00DEF2DB /* Icon.png */; };
		468722841CB25F4B00DEF2DB /* Icon@2x.png in Resources */ = {isa = PBXBuildFile; fileRef = 468722701CB25F4B00DEF2DB /* Icon@2x.png */; };
		468722851CB25F4B00DEF2DB /* iTunesArtwork.png in Resources */ = {isa = PBXBuildFile; fileRef = 468722711CB25F4B00DEF2DB /* iTunesArtwork.png */; };
		468722861CB25F4B00DEF2DB /* iTunesArtwork@2x.png in Resources */ = {isa = PBXBuildFile; fileRef = 468722721CB25F4B00DEF2DB /* iTunesArtwork@2x.png */; };
		468722B61CB2606600DEF2DB /* InfoContainerViewController.swift in Sources */ = {isa = PBXBuildFile; fileRef = 468722B31CB2606600DEF2DB /* InfoContainerViewController.swift */; };
		468722B71CB2606600DEF2DB /* InfoPageViewController.swift in Sources */ = {isa = PBXBuildFile; fileRef = 468722B41CB2606600DEF2DB /* InfoPageViewController.swift */; };
		468722B81CB2606600DEF2DB /* InfoViewController.swift in Sources */ = {isa = PBXBuildFile; fileRef = 468722B51CB2606600DEF2DB /* InfoViewController.swift */; };
		468722BA1CB2607C00DEF2DB /* SettingTableViewController.swift in Sources */ = {isa = PBXBuildFile; fileRef = 468722B91CB2607C00DEF2DB /* SettingTableViewController.swift */; };
		468722BC1CB2609100DEF2DB /* WebViewController.swift in Sources */ = {isa = PBXBuildFile; fileRef = 468722BB1CB2609100DEF2DB /* WebViewController.swift */; };
		468722C31CB260C400DEF2DB /* GIFViewController.swift in Sources */ = {isa = PBXBuildFile; fileRef = 468722BD1CB260C400DEF2DB /* GIFViewController.swift */; };
		468722C41CB260C400DEF2DB /* ImagePreViewController.swift in Sources */ = {isa = PBXBuildFile; fileRef = 468722BE1CB260C400DEF2DB /* ImagePreViewController.swift */; };
		468722C51CB260C400DEF2DB /* MainViewController.swift in Sources */ = {isa = PBXBuildFile; fileRef = 468722BF1CB260C400DEF2DB /* MainViewController.swift */; };
		468722C61CB260C400DEF2DB /* PreViewController.swift in Sources */ = {isa = PBXBuildFile; fileRef = 468722C01CB260C400DEF2DB /* PreViewController.swift */; };
		468722C71CB260C400DEF2DB /* ReplyViewController.swift in Sources */ = {isa = PBXBuildFile; fileRef = 468722C11CB260C400DEF2DB /* ReplyViewController.swift */; };
		468722C81CB260C400DEF2DB /* TimeLineViewController.swift in Sources */ = {isa = PBXBuildFile; fileRef = 468722C21CB260C400DEF2DB /* TimeLineViewController.swift */; };
		468722CC1CB260F400DEF2DB /* TiqavImageViewController.swift in Sources */ = {isa = PBXBuildFile; fileRef = 468722C91CB260F400DEF2DB /* TiqavImageViewController.swift */; };
		468722CD1CB260F400DEF2DB /* ResultViewController.swift in Sources */ = {isa = PBXBuildFile; fileRef = 468722CA1CB260F400DEF2DB /* ResultViewController.swift */; };
		468722CE1CB260F400DEF2DB /* TweetViewController.swift in Sources */ = {isa = PBXBuildFile; fileRef = 468722CB1CB260F400DEF2DB /* TweetViewController.swift */; };
		468722D11CB2611400DEF2DB /* AVPlayerView.swift in Sources */ = {isa = PBXBuildFile; fileRef = 468722CF1CB2611400DEF2DB /* AVPlayerView.swift */; };
		468722D21CB2611400DEF2DB /* TweetVarViewCell.swift in Sources */ = {isa = PBXBuildFile; fileRef = 468722D01CB2611400DEF2DB /* TweetVarViewCell.swift */; };
		468722E31CB4C5A500DEF2DB /* TiqavImageViewModel.swift in Sources */ = {isa = PBXBuildFile; fileRef = 468722E21CB4C5A500DEF2DB /* TiqavImageViewModel.swift */; };
		468722E51CB4CE0100DEF2DB /* TiqavImageModel.swift in Sources */ = {isa = PBXBuildFile; fileRef = 468722E41CB4CE0100DEF2DB /* TiqavImageModel.swift */; };
		468722E91CB4E0C100DEF2DB /* TiqavImageViewCell.swift in Sources */ = {isa = PBXBuildFile; fileRef = 468722E81CB4E0C100DEF2DB /* TiqavImageViewCell.swift */; };
		468722EB1CB4E0EF00DEF2DB /* Settings.swift in Sources */ = {isa = PBXBuildFile; fileRef = 468722EA1CB4E0EF00DEF2DB /* Settings.swift */; };
		468722EE1CB4E10700DEF2DB /* TwitterUtil.swift in Sources */ = {isa = PBXBuildFile; fileRef = 468722EC1CB4E10700DEF2DB /* TwitterUtil.swift */; };
		468722EF1CB4E10700DEF2DB /* Utility.swift in Sources */ = {isa = PBXBuildFile; fileRef = 468722ED1CB4E10700DEF2DB /* Utility.swift */; };
		468722F31CB4E15300DEF2DB /* MainViewModel.swift in Sources */ = {isa = PBXBuildFile; fileRef = 468722F21CB4E15300DEF2DB /* MainViewModel.swift */; };
		468722F51CB4E18100DEF2DB /* MainModel.swift in Sources */ = {isa = PBXBuildFile; fileRef = 468722F41CB4E18100DEF2DB /* MainModel.swift */; };
		46B50EF11D855CB000F8F09D /* RTSettingTableViewController.swift in Sources */ = {isa = PBXBuildFile; fileRef = 46B50EF01D855CB000F8F09D /* RTSettingTableViewController.swift */; };
		46BAE8541D0EFC990020BD82 /* TweetModel.swift in Sources */ = {isa = PBXBuildFile; fileRef = 46BAE8531D0EFC990020BD82 /* TweetModel.swift */; };
		46BD8DD41E7789FE003A5140 /* ResultViewController.storyboard in Resources */ = {isa = PBXBuildFile; fileRef = 46BD8DD31E7789FE003A5140 /* ResultViewController.storyboard */; };
		46BD8DD61E778B6A003A5140 /* TiqavImageViewController.storyboard in Resources */ = {isa = PBXBuildFile; fileRef = 46BD8DD51E778B6A003A5140 /* TiqavImageViewController.storyboard */; };
		46BD8DDD1E7793C5003A5140 /* LaunchScreen.storyboard in Resources */ = {isa = PBXBuildFile; fileRef = 460B4A411C6B5CF60089CC7E /* LaunchScreen.storyboard */; };
		46BD8DDF1E7793C5003A5140 /* TweetTableViewCell.xib in Resources */ = {isa = PBXBuildFile; fileRef = 4634CB491CBA5FEB00E9E834 /* TweetTableViewCell.xib */; };
		46BF12021D4F518600FFF5DD /* FavoriteImage.swift in Sources */ = {isa = PBXBuildFile; fileRef = 46BF12011D4F518500FFF5DD /* FavoriteImage.swift */; };
		46BF12091D4F57A700FFF5DD /* FavoriteImageViewController.swift in Sources */ = {isa = PBXBuildFile; fileRef = 46BF12081D4F57A700FFF5DD /* FavoriteImageViewController.swift */; };
		46BF120B1D4F5A5D00FFF5DD /* FavoriteImageViewCell.swift in Sources */ = {isa = PBXBuildFile; fileRef = 46BF120A1D4F5A5D00FFF5DD /* FavoriteImageViewCell.swift */; };
		46BF120D1D4F7AE500FFF5DD /* FavoriteResultViewController.swift in Sources */ = {isa = PBXBuildFile; fileRef = 46BF120C1D4F7AE500FFF5DD /* FavoriteResultViewController.swift */; };
		6D150516CB520FB8A08CEC7B /* Pods_ImageniusUITests.framework in Frameworks */ = {isa = PBXBuildFile; fileRef = 99C45A794A01BF4A1D6E3D7E /* Pods_ImageniusUITests.framework */; };
		A5CDCF6DEE9B451C5541A566 /* Pods_Imagenius.framework in Frameworks */ = {isa = PBXBuildFile; fileRef = 2FE4E37EBA5DDB52FCA3F3AD /* Pods_Imagenius.framework */; };
		EB43257460028B86CFB1D29F /* Pods_ImageniusTests.framework in Frameworks */ = {isa = PBXBuildFile; fileRef = EC28F86431E22963699D968C /* Pods_ImageniusTests.framework */; };
/* End PBXBuildFile section */

/* Begin PBXContainerItemProxy section */
		460B4A4A1C6B5CF60089CC7E /* PBXContainerItemProxy */ = {
			isa = PBXContainerItemProxy;
			containerPortal = 460B4A2D1C6B5CF60089CC7E /* Project object */;
			proxyType = 1;
			remoteGlobalIDString = 460B4A341C6B5CF60089CC7E;
			remoteInfo = Imagenius;
		};
		460B4A551C6B5CF60089CC7E /* PBXContainerItemProxy */ = {
			isa = PBXContainerItemProxy;
			containerPortal = 460B4A2D1C6B5CF60089CC7E /* Project object */;
			proxyType = 1;
			remoteGlobalIDString = 460B4A341C6B5CF60089CC7E;
			remoteInfo = Imagenius;
		};
		464A802B1C7997DE006100DB /* PBXContainerItemProxy */ = {
			isa = PBXContainerItemProxy;
			containerPortal = 464A80241C7997DE006100DB /* Swifter.xcodeproj */;
			proxyType = 2;
			remoteGlobalIDString = 8B300C1F1944AA1A00993175;
			remoteInfo = SwifterDemoiOS;
		};
		464A802D1C7997DE006100DB /* PBXContainerItemProxy */ = {
			isa = PBXContainerItemProxy;
			containerPortal = 464A80241C7997DE006100DB /* Swifter.xcodeproj */;
			proxyType = 2;
			remoteGlobalIDString = 8B9F50EE1944A5AB00894629;
			remoteInfo = SwifteriOS;
		};
		464A802F1C7997DE006100DB /* PBXContainerItemProxy */ = {
			isa = PBXContainerItemProxy;
			containerPortal = 464A80241C7997DE006100DB /* Swifter.xcodeproj */;
			proxyType = 2;
			remoteGlobalIDString = 8B9F51131944A61D00894629;
			remoteInfo = SwifterMac;
		};
		464A80311C7997DE006100DB /* PBXContainerItemProxy */ = {
			isa = PBXContainerItemProxy;
			containerPortal = 464A80241C7997DE006100DB /* Swifter.xcodeproj */;
			proxyType = 2;
			remoteGlobalIDString = 8B300C471944AECB00993175;
			remoteInfo = SwifterDemoMac;
		};
		46E540C11CF848570062D71B /* PBXContainerItemProxy */ = {
			isa = PBXContainerItemProxy;
			containerPortal = 464A80241C7997DE006100DB /* Swifter.xcodeproj */;
			proxyType = 2;
			remoteGlobalIDString = F6B4D5751C7BAC4500E06514;
			remoteInfo = SwifterTests;
		};
/* End PBXContainerItemProxy section */

/* Begin PBXCopyFilesBuildPhase section */
		469373501C7A013A00BE1506 /* CopyFiles */ = {
			isa = PBXCopyFilesBuildPhase;
			buildActionMask = 2147483647;
			dstPath = "";
			dstSubfolderSpec = 10;
			files = (
				460F5E331C87F1D1007C41C1 /* ReferenceProxy in CopyFiles */,
			);
			runOnlyForDeploymentPostprocessing = 0;
		};
/* End PBXCopyFilesBuildPhase section */

/* Begin PBXFileReference section */
		2FE4E37EBA5DDB52FCA3F3AD /* Pods_Imagenius.framework */ = {isa = PBXFileReference; explicitFileType = wrapper.framework; includeInIndex = 0; path = Pods_Imagenius.framework; sourceTree = BUILT_PRODUCTS_DIR; };
		4603CC241C7DE062005DF397 /* Settings.bundle */ = {isa = PBXFileReference; lastKnownFileType = "wrapper.plug-in"; path = Settings.bundle; sourceTree = "<group>"; };
		460B4A351C6B5CF60089CC7E /* Imagenius.app */ = {isa = PBXFileReference; explicitFileType = wrapper.application; includeInIndex = 0; path = Imagenius.app; sourceTree = BUILT_PRODUCTS_DIR; };
		460B4A381C6B5CF60089CC7E /* AppDelegate.swift */ = {isa = PBXFileReference; lastKnownFileType = sourcecode.swift; path = AppDelegate.swift; sourceTree = "<group>"; };
		460B4A3F1C6B5CF60089CC7E /* Assets.xcassets */ = {isa = PBXFileReference; lastKnownFileType = folder.assetcatalog; path = Assets.xcassets; sourceTree = "<group>"; };
		460B4A421C6B5CF60089CC7E /* Base */ = {isa = PBXFileReference; lastKnownFileType = file.storyboard; name = Base; path = Base.lproj/LaunchScreen.storyboard; sourceTree = "<group>"; };
		460B4A441C6B5CF60089CC7E /* Info.plist */ = {isa = PBXFileReference; lastKnownFileType = text.plist.xml; path = Info.plist; sourceTree = "<group>"; };
		460B4A491C6B5CF60089CC7E /* ImageniusTests.xctest */ = {isa = PBXFileReference; explicitFileType = wrapper.cfbundle; includeInIndex = 0; path = ImageniusTests.xctest; sourceTree = BUILT_PRODUCTS_DIR; };
		460B4A4D1C6B5CF60089CC7E /* ImageniusTests.swift */ = {isa = PBXFileReference; lastKnownFileType = sourcecode.swift; path = ImageniusTests.swift; sourceTree = "<group>"; };
		460B4A4F1C6B5CF60089CC7E /* Info.plist */ = {isa = PBXFileReference; lastKnownFileType = text.plist.xml; path = Info.plist; sourceTree = "<group>"; };
		460B4A541C6B5CF60089CC7E /* ImageniusUITests.xctest */ = {isa = PBXFileReference; explicitFileType = wrapper.cfbundle; includeInIndex = 0; path = ImageniusUITests.xctest; sourceTree = BUILT_PRODUCTS_DIR; };
		460B4A581C6B5CF60089CC7E /* ImageniusUITests.swift */ = {isa = PBXFileReference; lastKnownFileType = sourcecode.swift; path = ImageniusUITests.swift; sourceTree = "<group>"; };
		460B4A5A1C6B5CF60089CC7E /* Info.plist */ = {isa = PBXFileReference; lastKnownFileType = text.plist.xml; path = Info.plist; sourceTree = "<group>"; };
		462D462E1D9ACCE200A82A8B /* MuteSettingViewController.swift */ = {isa = PBXFileReference; fileEncoding = 4; lastKnownFileType = sourcecode.swift; path = MuteSettingViewController.swift; sourceTree = "<group>"; };
		46312B201CB6505F009183D9 /* UserViewController.swift */ = {isa = PBXFileReference; fileEncoding = 4; lastKnownFileType = sourcecode.swift; path = UserViewController.swift; sourceTree = "<group>"; };
		46312B221CB653B6009183D9 /* UserViewModel.swift */ = {isa = PBXFileReference; fileEncoding = 4; lastKnownFileType = sourcecode.swift; lineEnding = 0; path = UserViewModel.swift; sourceTree = "<group>"; xcLanguageSpecificationIdentifier = xcode.lang.swift; };
		46312B251CB69C1E009183D9 /* SettingBannerCell.swift */ = {isa = PBXFileReference; fileEncoding = 4; lastKnownFileType = sourcecode.swift; path = SettingBannerCell.swift; sourceTree = "<group>"; };
		46312B271CB74B8C009183D9 /* TweetDetailViewController.swift */ = {isa = PBXFileReference; fileEncoding = 4; lastKnownFileType = sourcecode.swift; path = TweetDetailViewController.swift; sourceTree = "<group>"; };
		46312B291CB74C6D009183D9 /* TweetDetailViewModel.swift */ = {isa = PBXFileReference; fileEncoding = 4; lastKnownFileType = sourcecode.swift; lineEnding = 0; path = TweetDetailViewModel.swift; sourceTree = "<group>"; xcLanguageSpecificationIdentifier = xcode.lang.swift; };
		4634CB4A1CBA5FEB00E9E834 /* Base */ = {isa = PBXFileReference; lastKnownFileType = file.xib; name = Base; path = Base.lproj/TweetTableViewCell.xib; sourceTree = "<group>"; };
		4634CB501CBA71FF00E9E834 /* Date+CustomFormat.swift */ = {isa = PBXFileReference; fileEncoding = 4; lastKnownFileType = sourcecode.swift; name = "Date+CustomFormat.swift"; path = "Date+CustomFormat.swift"; sourceTree = "<group>"; };
		463547081E7799B00026EF63 /* Imagenius-Bridging-Header.h */ = {isa = PBXFileReference; fileEncoding = 4; lastKnownFileType = sourcecode.c.h; path = "Imagenius-Bridging-Header.h"; sourceTree = "<group>"; };
		4635470A1E77DA180026EF63 /* FavoriteResultViewController.storyboard */ = {isa = PBXFileReference; fileEncoding = 4; lastKnownFileType = file.storyboard; name = FavoriteResultViewController.storyboard; path = FavoriteResultViewController.storyboard; sourceTree = "<group>"; };
		4635470C1E77DAE70026EF63 /* FavoriteImageViewController.storyboard */ = {isa = PBXFileReference; fileEncoding = 4; lastKnownFileType = file.storyboard; name = FavoriteImageViewController.storyboard; path = FavoriteImageViewController.storyboard; sourceTree = "<group>"; };
		4635470E1E77DB1B0026EF63 /* TweetViewController.storyboard */ = {isa = PBXFileReference; fileEncoding = 4; lastKnownFileType = file.storyboard; name = TweetViewController.storyboard; path = TweetViewController.storyboard; sourceTree = "<group>"; };
		463547101E77DB3F0026EF63 /* Pages.storyboard */ = {isa = PBXFileReference; fileEncoding = 4; lastKnownFileType = file.storyboard; path = Pages.storyboard; sourceTree = "<group>"; };
		463547121E77DB740026EF63 /* ImagePreViewController.storyboard */ = {isa = PBXFileReference; fileEncoding = 4; lastKnownFileType = file.storyboard; name = ImagePreViewController.storyboard; path = ImagePreViewController.storyboard; sourceTree = "<group>"; };
		463547141E77DB990026EF63 /* GIFViewController.storyboard */ = {isa = PBXFileReference; fileEncoding = 4; lastKnownFileType = file.storyboard; name = GIFViewController.storyboard; path = GIFViewController.storyboard; sourceTree = "<group>"; };
		463547161E77DC0C0026EF63 /* InfoPageViewController.storyboard */ = {isa = PBXFileReference; fileEncoding = 4; lastKnownFileType = file.storyboard; name = InfoPageViewController.storyboard; path = InfoPageViewController.storyboard; sourceTree = "<group>"; };
		463547181E77DC270026EF63 /* InfoContainerViewController.storyboard */ = {isa = PBXFileReference; fileEncoding = 4; lastKnownFileType = file.storyboard; name = InfoContainerViewController.storyboard; path = InfoContainerViewController.storyboard; sourceTree = "<group>"; };
		4635471A1E77DC560026EF63 /* WebViewController.storyboard */ = {isa = PBXFileReference; fileEncoding = 4; lastKnownFileType = file.storyboard; name = WebViewController.storyboard; path = WebViewController.storyboard; sourceTree = "<group>"; };
		4635471C1E77DC700026EF63 /* WatchListViewController.storyboard */ = {isa = PBXFileReference; fileEncoding = 4; lastKnownFileType = file.storyboard; name = WatchListViewController.storyboard; path = WatchListViewController.storyboard; sourceTree = "<group>"; };
		4635471E1E77DCC10026EF63 /* TweetDetailViewController.storyboard */ = {isa = PBXFileReference; fileEncoding = 4; lastKnownFileType = file.storyboard; name = TweetDetailViewController.storyboard; path = TweetDetailViewController.storyboard; sourceTree = "<group>"; };
		463547201E77DCF30026EF63 /* UserViewController.storyboard */ = {isa = PBXFileReference; fileEncoding = 4; lastKnownFileType = file.storyboard; name = UserViewController.storyboard; path = UserViewController.storyboard; sourceTree = "<group>"; };
		463547221E77DD2A0026EF63 /* MuteSettingViewController.storyboard */ = {isa = PBXFileReference; fileEncoding = 4; lastKnownFileType = file.storyboard; name = MuteSettingViewController.storyboard; path = MuteSettingViewController.storyboard; sourceTree = "<group>"; };
		463547241E77DD520026EF63 /* RTSettingTableViewController.storyboard */ = {isa = PBXFileReference; fileEncoding = 4; lastKnownFileType = file.storyboard; name = RTSettingTableViewController.storyboard; path = RTSettingTableViewController.storyboard; sourceTree = "<group>"; };
		463547281E77DDA00026EF63 /* SettingTableViewController.storyboard */ = {isa = PBXFileReference; fileEncoding = 4; lastKnownFileType = file.storyboard; name = SettingTableViewController.storyboard; path = SettingTableViewController.storyboard; sourceTree = "<group>"; };
		4635472A1E77DE7D0026EF63 /* ReplyViewController.storyboard */ = {isa = PBXFileReference; fileEncoding = 4; lastKnownFileType = file.storyboard; name = ReplyViewController.storyboard; path = ReplyViewController.storyboard; sourceTree = "<group>"; };
		4635472C1E77DE9B0026EF63 /* TimeLineViewController.storyboard */ = {isa = PBXFileReference; fileEncoding = 4; lastKnownFileType = file.storyboard; name = TimeLineViewController.storyboard; path = TimeLineViewController.storyboard; sourceTree = "<group>"; };
		4635472E1E77DEF90026EF63 /* ListAllViewController.storyboard */ = {isa = PBXFileReference; fileEncoding = 4; lastKnownFileType = file.storyboard; name = ListAllViewController.storyboard; path = ListAllViewController.storyboard; sourceTree = "<group>"; };
		463547301E77DFAE0026EF63 /* RootTabController.storyboard */ = {isa = PBXFileReference; fileEncoding = 4; lastKnownFileType = file.storyboard; path = RootTabController.storyboard; sourceTree = "<group>"; };
		463547321E77EAC90026EF63 /* String+Error.swift */ = {isa = PBXFileReference; fileEncoding = 4; lastKnownFileType = sourcecode.swift; path = "String+Error.swift"; sourceTree = "<group>"; };
		463FE90D1D41AB4900F6245E /* RxCocoa.framework */ = {isa = PBXFileReference; lastKnownFileType = wrapper.framework; name = RxCocoa.framework; path = "../../../Library/Developer/Xcode/DerivedData/Imagenius-csuunvtzezahocgywaydfzxawymt/Build/Products/Debug-iphoneos/RxCocoa/RxCocoa.framework"; sourceTree = "<group>"; };
		464A80241C7997DE006100DB /* Swifter.xcodeproj */ = {isa = PBXFileReference; lastKnownFileType = "wrapper.pb-project"; name = Swifter.xcodeproj; path = "../Swifter-master/Swifter.xcodeproj"; sourceTree = "<group>"; };
		464A80441C799AAC006100DB /* SwifteriOS.framework */ = {isa = PBXFileReference; lastKnownFileType = wrapper.framework; name = SwifteriOS.framework; path = "../Swifter/build/Debug-iphoneos/SwifteriOS.framework"; sourceTree = "<group>"; };
		464A80461C799BE6006100DB /* DZNEmptyDataSet.framework */ = {isa = PBXFileReference; lastKnownFileType = wrapper.framework; name = DZNEmptyDataSet.framework; path = "Pods/../build/Debug-iphoneos/DZNEmptyDataSet.framework"; sourceTree = "<group>"; };
		464A80471C799BE6006100DB /* FMAssetStream.framework */ = {isa = PBXFileReference; lastKnownFileType = wrapper.framework; name = FMAssetStream.framework; path = "Pods/../build/Debug-iphoneos/FMAssetStream.framework"; sourceTree = "<group>"; };
		464A80481C799BE6006100DB /* SCLAlertView.framework */ = {isa = PBXFileReference; lastKnownFileType = wrapper.framework; name = SCLAlertView.framework; path = "Pods/../build/Debug-iphoneos/SCLAlertView.framework"; sourceTree = "<group>"; };
		464A80491C799BE6006100DB /* SWTableViewCell.framework */ = {isa = PBXFileReference; lastKnownFileType = wrapper.framework; name = SWTableViewCell.framework; path = "Pods/../build/Debug-iphoneos/SWTableViewCell.framework"; sourceTree = "<group>"; };
		464A80601C79EFCD006100DB /* SwifteriOS.framework */ = {isa = PBXFileReference; lastKnownFileType = wrapper.framework; name = SwifteriOS.framework; path = "../../../Downloads/Swifter-master/build/Debug-iphoneos/SwifteriOS.framework"; sourceTree = "<group>"; };
		4652B0CD1D98B96E00B6E9CB /* ListAllViewController.swift */ = {isa = PBXFileReference; fileEncoding = 4; lastKnownFileType = sourcecode.swift; path = ListAllViewController.swift; sourceTree = "<group>"; };
		4652B0CF1D98C51C00B6E9CB /* WatchListViewController.swift */ = {isa = PBXFileReference; fileEncoding = 4; lastKnownFileType = sourcecode.swift; path = WatchListViewController.swift; sourceTree = "<group>"; };
		465D5AC01E762547003FD4A5 /* RxImagePickerDelegateProxy.swift */ = {isa = PBXFileReference; fileEncoding = 4; lastKnownFileType = sourcecode.swift; name = RxImagePickerDelegateProxy.swift; path = RxImagePickerDelegateProxy.swift; sourceTree = "<group>"; };
		467549D11C969C2C00FB3747 /* RegExCategories.framework */ = {isa = PBXFileReference; lastKnownFileType = wrapper.framework; name = RegExCategories.framework; path = "Pods/../build/Debug-iphoneos/RegExCategories.framework"; sourceTree = "<group>"; };
		467549E51C96BB1B00FB3747 /* MessageUI.framework */ = {isa = PBXFileReference; lastKnownFileType = wrapper.framework; name = MessageUI.framework; path = System/Library/Frameworks/MessageUI.framework; sourceTree = SDKROOT; };
		4687225F1CB25F4B00DEF2DB /* Icon-40.png */ = {isa = PBXFileReference; lastKnownFileType = image.png; path = "Icon-40.png"; sourceTree = "<group>"; };
		468722601CB25F4B00DEF2DB /* Icon-40@2x.png */ = {isa = PBXFileReference; lastKnownFileType = image.png; path = "Icon-40@2x.png"; sourceTree = "<group>"; };
		468722611CB25F4B00DEF2DB /* Icon-40@3x.png */ = {isa = PBXFileReference; lastKnownFileType = image.png; path = "Icon-40@3x.png"; sourceTree = "<group>"; };
		468722621CB25F4B00DEF2DB /* Icon-60.png */ = {isa = PBXFileReference; lastKnownFileType = image.png; path = "Icon-60.png"; sourceTree = "<group>"; };
		468722631CB25F4B00DEF2DB /* Icon-60@2x.png */ = {isa = PBXFileReference; lastKnownFileType = image.png; path = "Icon-60@2x.png"; sourceTree = "<group>"; };
		468722641CB25F4B00DEF2DB /* Icon-60@3x.png */ = {isa = PBXFileReference; lastKnownFileType = image.png; path = "Icon-60@3x.png"; sourceTree = "<group>"; };
		468722651CB25F4B00DEF2DB /* Icon-72.png */ = {isa = PBXFileReference; lastKnownFileType = image.png; path = "Icon-72.png"; sourceTree = "<group>"; };
		468722661CB25F4B00DEF2DB /* Icon-72@2x.png */ = {isa = PBXFileReference; lastKnownFileType = image.png; path = "Icon-72@2x.png"; sourceTree = "<group>"; };
		468722671CB25F4B00DEF2DB /* Icon-76.png */ = {isa = PBXFileReference; lastKnownFileType = image.png; path = "Icon-76.png"; sourceTree = "<group>"; };
		468722681CB25F4B00DEF2DB /* Icon-76@2x.png */ = {isa = PBXFileReference; lastKnownFileType = image.png; path = "Icon-76@2x.png"; sourceTree = "<group>"; };
		468722691CB25F4B00DEF2DB /* Icon-83.5@2x.png */ = {isa = PBXFileReference; lastKnownFileType = image.png; path = "Icon-83.5@2x.png"; sourceTree = "<group>"; };
		4687226A1CB25F4B00DEF2DB /* Icon-Small-50.png */ = {isa = PBXFileReference; lastKnownFileType = image.png; path = "Icon-Small-50.png"; sourceTree = "<group>"; };
		4687226B1CB25F4B00DEF2DB /* Icon-Small-50@2x.png */ = {isa = PBXFileReference; lastKnownFileType = image.png; path = "Icon-Small-50@2x.png"; sourceTree = "<group>"; };
		4687226C1CB25F4B00DEF2DB /* Icon-Small.png */ = {isa = PBXFileReference; lastKnownFileType = image.png; path = "Icon-Small.png"; sourceTree = "<group>"; };
		4687226D1CB25F4B00DEF2DB /* Icon-Small@2x.png */ = {isa = PBXFileReference; lastKnownFileType = image.png; path = "Icon-Small@2x.png"; sourceTree = "<group>"; };
		4687226E1CB25F4B00DEF2DB /* Icon-Small@3x.png */ = {isa = PBXFileReference; lastKnownFileType = image.png; path = "Icon-Small@3x.png"; sourceTree = "<group>"; };
		4687226F1CB25F4B00DEF2DB /* Icon.png */ = {isa = PBXFileReference; lastKnownFileType = image.png; path = Icon.png; sourceTree = "<group>"; };
		468722701CB25F4B00DEF2DB /* Icon@2x.png */ = {isa = PBXFileReference; lastKnownFileType = image.png; path = "Icon@2x.png"; sourceTree = "<group>"; };
		468722711CB25F4B00DEF2DB /* iTunesArtwork.png */ = {isa = PBXFileReference; lastKnownFileType = image.png; path = iTunesArtwork.png; sourceTree = "<group>"; };
		468722721CB25F4B00DEF2DB /* iTunesArtwork@2x.png */ = {isa = PBXFileReference; lastKnownFileType = image.png; path = "iTunesArtwork@2x.png"; sourceTree = "<group>"; };
		468722B31CB2606600DEF2DB /* InfoContainerViewController.swift */ = {isa = PBXFileReference; fileEncoding = 4; lastKnownFileType = sourcecode.swift; path = InfoContainerViewController.swift; sourceTree = "<group>"; };
		468722B41CB2606600DEF2DB /* InfoPageViewController.swift */ = {isa = PBXFileReference; fileEncoding = 4; lastKnownFileType = sourcecode.swift; path = InfoPageViewController.swift; sourceTree = "<group>"; };
		468722B51CB2606600DEF2DB /* InfoViewController.swift */ = {isa = PBXFileReference; fileEncoding = 4; lastKnownFileType = sourcecode.swift; path = InfoViewController.swift; sourceTree = "<group>"; };
		468722B91CB2607C00DEF2DB /* SettingTableViewController.swift */ = {isa = PBXFileReference; fileEncoding = 4; lastKnownFileType = sourcecode.swift; lineEnding = 0; path = SettingTableViewController.swift; sourceTree = "<group>"; xcLanguageSpecificationIdentifier = xcode.lang.swift; };
		468722BB1CB2609100DEF2DB /* WebViewController.swift */ = {isa = PBXFileReference; fileEncoding = 4; lastKnownFileType = sourcecode.swift; path = WebViewController.swift; sourceTree = "<group>"; };
		468722BD1CB260C400DEF2DB /* GIFViewController.swift */ = {isa = PBXFileReference; fileEncoding = 4; lastKnownFileType = sourcecode.swift; path = GIFViewController.swift; sourceTree = "<group>"; };
		468722BE1CB260C400DEF2DB /* ImagePreViewController.swift */ = {isa = PBXFileReference; fileEncoding = 4; lastKnownFileType = sourcecode.swift; path = ImagePreViewController.swift; sourceTree = "<group>"; };
		468722BF1CB260C400DEF2DB /* MainViewController.swift */ = {isa = PBXFileReference; fileEncoding = 4; lastKnownFileType = sourcecode.swift; path = MainViewController.swift; sourceTree = "<group>"; };
		468722C01CB260C400DEF2DB /* PreViewController.swift */ = {isa = PBXFileReference; fileEncoding = 4; lastKnownFileType = sourcecode.swift; path = PreViewController.swift; sourceTree = "<group>"; };
		468722C11CB260C400DEF2DB /* ReplyViewController.swift */ = {isa = PBXFileReference; fileEncoding = 4; lastKnownFileType = sourcecode.swift; path = ReplyViewController.swift; sourceTree = "<group>"; };
		468722C21CB260C400DEF2DB /* TimeLineViewController.swift */ = {isa = PBXFileReference; fileEncoding = 4; lastKnownFileType = sourcecode.swift; path = TimeLineViewController.swift; sourceTree = "<group>"; };
		468722C91CB260F400DEF2DB /* TiqavImageViewController.swift */ = {isa = PBXFileReference; fileEncoding = 4; lastKnownFileType = sourcecode.swift; lineEnding = 0; path = TiqavImageViewController.swift; sourceTree = "<group>"; xcLanguageSpecificationIdentifier = xcode.lang.swift; };
		468722CA1CB260F400DEF2DB /* ResultViewController.swift */ = {isa = PBXFileReference; fileEncoding = 4; lastKnownFileType = sourcecode.swift; path = ResultViewController.swift; sourceTree = "<group>"; };
		468722CB1CB260F400DEF2DB /* TweetViewController.swift */ = {isa = PBXFileReference; fileEncoding = 4; lastKnownFileType = sourcecode.swift; lineEnding = 0; path = TweetViewController.swift; sourceTree = "<group>"; xcLanguageSpecificationIdentifier = xcode.lang.swift; };
		468722CF1CB2611400DEF2DB /* AVPlayerView.swift */ = {isa = PBXFileReference; fileEncoding = 4; lastKnownFileType = sourcecode.swift; path = AVPlayerView.swift; sourceTree = "<group>"; };
		468722D01CB2611400DEF2DB /* TweetVarViewCell.swift */ = {isa = PBXFileReference; fileEncoding = 4; lastKnownFileType = sourcecode.swift; path = TweetVarViewCell.swift; sourceTree = "<group>"; };
		468722E21CB4C5A500DEF2DB /* TiqavImageViewModel.swift */ = {isa = PBXFileReference; fileEncoding = 4; lastKnownFileType = sourcecode.swift; lineEnding = 0; path = TiqavImageViewModel.swift; sourceTree = "<group>"; xcLanguageSpecificationIdentifier = xcode.lang.swift; };
		468722E41CB4CE0100DEF2DB /* TiqavImageModel.swift */ = {isa = PBXFileReference; fileEncoding = 4; lastKnownFileType = sourcecode.swift; path = TiqavImageModel.swift; sourceTree = "<group>"; };
		468722E81CB4E0C100DEF2DB /* TiqavImageViewCell.swift */ = {isa = PBXFileReference; fileEncoding = 4; lastKnownFileType = sourcecode.swift; path = TiqavImageViewCell.swift; sourceTree = "<group>"; };
		468722EA1CB4E0EF00DEF2DB /* Settings.swift */ = {isa = PBXFileReference; fileEncoding = 4; lastKnownFileType = sourcecode.swift; path = Settings.swift; sourceTree = "<group>"; };
		468722EC1CB4E10700DEF2DB /* TwitterUtil.swift */ = {isa = PBXFileReference; fileEncoding = 4; lastKnownFileType = sourcecode.swift; path = TwitterUtil.swift; sourceTree = "<group>"; };
		468722ED1CB4E10700DEF2DB /* Utility.swift */ = {isa = PBXFileReference; fileEncoding = 4; lastKnownFileType = sourcecode.swift; path = Utility.swift; sourceTree = "<group>"; };
		468722F21CB4E15300DEF2DB /* MainViewModel.swift */ = {isa = PBXFileReference; fileEncoding = 4; lastKnownFileType = sourcecode.swift; path = MainViewModel.swift; sourceTree = "<group>"; };
		468722F41CB4E18100DEF2DB /* MainModel.swift */ = {isa = PBXFileReference; fileEncoding = 4; lastKnownFileType = sourcecode.swift; path = MainModel.swift; sourceTree = "<group>"; };
		4689DFF41CA5684C006B48FF /* AnimatedGIFImageSerialization.framework */ = {isa = PBXFileReference; lastKnownFileType = wrapper.framework; name = AnimatedGIFImageSerialization.framework; path = "Pods/../build/Debug-iphoneos/AnimatedGIFImageSerialization.framework"; sourceTree = "<group>"; };
		469F18AC1CAA844D00C015EF /* RxBlocking.framework */ = {isa = PBXFileReference; lastKnownFileType = wrapper.framework; name = RxBlocking.framework; path = Carthage/Build/iOS/RxBlocking.framework; sourceTree = "<group>"; };
		469F18AD1CAA844D00C015EF /* RxCocoa.framework */ = {isa = PBXFileReference; lastKnownFileType = wrapper.framework; name = RxCocoa.framework; path = Carthage/Build/iOS/RxCocoa.framework; sourceTree = "<group>"; };
		469F18AE1CAA844D00C015EF /* RxSwift.framework */ = {isa = PBXFileReference; lastKnownFileType = wrapper.framework; name = RxSwift.framework; path = Carthage/Build/iOS/RxSwift.framework; sourceTree = "<group>"; };
		469F18AF1CAA844D00C015EF /* RxTests.framework.dSYM */ = {isa = PBXFileReference; lastKnownFileType = wrapper.dsym; name = RxTests.framework.dSYM; path = Carthage/Build/iOS/RxTests.framework.dSYM; sourceTree = "<group>"; };
		469F18B41CAA84D000C015EF /* RxTests.framework */ = {isa = PBXFileReference; lastKnownFileType = wrapper.framework; name = RxTests.framework; path = Carthage/Build/iOS/RxTests.framework; sourceTree = "<group>"; };
		469F18B81CAAAB8100C015EF /* SDWebImage.framework */ = {isa = PBXFileReference; lastKnownFileType = wrapper.framework; name = SDWebImage.framework; path = "../../../Library/Developer/Xcode/DerivedData/Imagenius-csuunvtzezahocgywaydfzxawymt/Build/Products/Debug-iphoneos/SDWebImage.framework"; sourceTree = "<group>"; };
		469F18BE1CAAAB8F00C015EF /* ImageIO.framework */ = {isa = PBXFileReference; lastKnownFileType = wrapper.framework; name = ImageIO.framework; path = System/Library/Frameworks/ImageIO.framework; sourceTree = SDKROOT; };
		469F18C01CAAAB9600C015EF /* MapKit.framework */ = {isa = PBXFileReference; lastKnownFileType = wrapper.framework; name = MapKit.framework; path = System/Library/Frameworks/MapKit.framework; sourceTree = SDKROOT; };
		469F18C21CAAACC800C015EF /* XCTest.framework */ = {isa = PBXFileReference; lastKnownFileType = wrapper.framework; name = XCTest.framework; path = Platforms/iPhoneOS.platform/Developer/Library/Frameworks/XCTest.framework; sourceTree = DEVELOPER_DIR; };
		469F18D51CAABA7A00C015EF /* SDWebImage.framework */ = {isa = PBXFileReference; lastKnownFileType = wrapper.framework; name = SDWebImage.framework; path = "../../../Library/Developer/Xcode/DerivedData/Imagenius-csuunvtzezahocgywaydfzxawymt/Build/Products/Debug-iphonesimulator/SDWebImage.framework"; sourceTree = "<group>"; };
		46B50EF01D855CB000F8F09D /* RTSettingTableViewController.swift */ = {isa = PBXFileReference; fileEncoding = 4; lastKnownFileType = sourcecode.swift; path = RTSettingTableViewController.swift; sourceTree = "<group>"; };
		46BAE8531D0EFC990020BD82 /* TweetModel.swift */ = {isa = PBXFileReference; fileEncoding = 4; lastKnownFileType = sourcecode.swift; name = TweetModel.swift; path = TweetModel.swift; sourceTree = "<group>"; };
		46BD8DD31E7789FE003A5140 /* ResultViewController.storyboard */ = {isa = PBXFileReference; fileEncoding = 4; lastKnownFileType = file.storyboard; name = ResultViewController.storyboard; path = ResultViewController.storyboard; sourceTree = "<group>"; };
		46BD8DD51E778B6A003A5140 /* TiqavImageViewController.storyboard */ = {isa = PBXFileReference; fileEncoding = 4; lastKnownFileType = file.storyboard; name = TiqavImageViewController.storyboard; path = TiqavImageViewController.storyboard; sourceTree = "<group>"; };
		46BF12011D4F518500FFF5DD /* FavoriteImage.swift */ = {isa = PBXFileReference; fileEncoding = 4; lastKnownFileType = sourcecode.swift; path = FavoriteImage.swift; sourceTree = "<group>"; };
		46BF12081D4F57A700FFF5DD /* FavoriteImageViewController.swift */ = {isa = PBXFileReference; fileEncoding = 4; lastKnownFileType = sourcecode.swift; lineEnding = 0; path = FavoriteImageViewController.swift; sourceTree = "<group>"; xcLanguageSpecificationIdentifier = xcode.lang.swift; };
		46BF120A1D4F5A5D00FFF5DD /* FavoriteImageViewCell.swift */ = {isa = PBXFileReference; fileEncoding = 4; lastKnownFileType = sourcecode.swift; path = FavoriteImageViewCell.swift; sourceTree = "<group>"; };
		46BF120C1D4F7AE500FFF5DD /* FavoriteResultViewController.swift */ = {isa = PBXFileReference; fileEncoding = 4; lastKnownFileType = sourcecode.swift; path = FavoriteResultViewController.swift; sourceTree = "<group>"; };
		93071570BBD876A547E974D1 /* Pods-ImageniusUITests.release.xcconfig */ = {isa = PBXFileReference; includeInIndex = 1; lastKnownFileType = text.xcconfig; name = "Pods-ImageniusUITests.release.xcconfig"; path = "Pods/Target Support Files/Pods-ImageniusUITests/Pods-ImageniusUITests.release.xcconfig"; sourceTree = "<group>"; };
		99C45A794A01BF4A1D6E3D7E /* Pods_ImageniusUITests.framework */ = {isa = PBXFileReference; explicitFileType = wrapper.framework; includeInIndex = 0; path = Pods_ImageniusUITests.framework; sourceTree = BUILT_PRODUCTS_DIR; };
		C40FBC421A9B2E834E3E32B8 /* Pods-ImageniusTests.debug.xcconfig */ = {isa = PBXFileReference; includeInIndex = 1; lastKnownFileType = text.xcconfig; name = "Pods-ImageniusTests.debug.xcconfig"; path = "Pods/Target Support Files/Pods-ImageniusTests/Pods-ImageniusTests.debug.xcconfig"; sourceTree = "<group>"; };
		C4647FCCCD981A5F574E76B3 /* Pods-Imagenius.release.xcconfig */ = {isa = PBXFileReference; includeInIndex = 1; lastKnownFileType = text.xcconfig; name = "Pods-Imagenius.release.xcconfig"; path = "Pods/Target Support Files/Pods-Imagenius/Pods-Imagenius.release.xcconfig"; sourceTree = "<group>"; };
		C5437ACF577CA5C938C1B281 /* Pods-Imagenius.debug.xcconfig */ = {isa = PBXFileReference; includeInIndex = 1; lastKnownFileType = text.xcconfig; name = "Pods-Imagenius.debug.xcconfig"; path = "Pods/Target Support Files/Pods-Imagenius/Pods-Imagenius.debug.xcconfig"; sourceTree = "<group>"; };
		D2DF4F2C3E3D79D00AC702CB /* Pods-ImageniusTests.release.xcconfig */ = {isa = PBXFileReference; includeInIndex = 1; lastKnownFileType = text.xcconfig; name = "Pods-ImageniusTests.release.xcconfig"; path = "Pods/Target Support Files/Pods-ImageniusTests/Pods-ImageniusTests.release.xcconfig"; sourceTree = "<group>"; };
		EC28F86431E22963699D968C /* Pods_ImageniusTests.framework */ = {isa = PBXFileReference; explicitFileType = wrapper.framework; includeInIndex = 0; path = Pods_ImageniusTests.framework; sourceTree = BUILT_PRODUCTS_DIR; };
		ED5E524AB60407D401F2C742 /* Pods-ImageniusUITests.debug.xcconfig */ = {isa = PBXFileReference; includeInIndex = 1; lastKnownFileType = text.xcconfig; name = "Pods-ImageniusUITests.debug.xcconfig"; path = "Pods/Target Support Files/Pods-ImageniusUITests/Pods-ImageniusUITests.debug.xcconfig"; sourceTree = "<group>"; };
/* End PBXFileReference section */

/* Begin PBXFrameworksBuildPhase section */
		460B4A321C6B5CF60089CC7E /* Frameworks */ = {
			isa = PBXFrameworksBuildPhase;
			buildActionMask = 2147483647;
			files = (
				467549E61C96BB1B00FB3747 /* MessageUI.framework in Frameworks */,
				A5CDCF6DEE9B451C5541A566 /* Pods_Imagenius.framework in Frameworks */,
			);
			runOnlyForDeploymentPostprocessing = 0;
		};
		460B4A461C6B5CF60089CC7E /* Frameworks */ = {
			isa = PBXFrameworksBuildPhase;
			buildActionMask = 2147483647;
			files = (
				EB43257460028B86CFB1D29F /* Pods_ImageniusTests.framework in Frameworks */,
			);
			runOnlyForDeploymentPostprocessing = 0;
		};
		460B4A511C6B5CF60089CC7E /* Frameworks */ = {
			isa = PBXFrameworksBuildPhase;
			buildActionMask = 2147483647;
			files = (
				6D150516CB520FB8A08CEC7B /* Pods_ImageniusUITests.framework in Frameworks */,
			);
			runOnlyForDeploymentPostprocessing = 0;
		};
/* End PBXFrameworksBuildPhase section */

/* Begin PBXGroup section */
		1E17EA4ADBF4CAB9B900269C /* Pods */ = {
			isa = PBXGroup;
			children = (
				C5437ACF577CA5C938C1B281 /* Pods-Imagenius.debug.xcconfig */,
				C4647FCCCD981A5F574E76B3 /* Pods-Imagenius.release.xcconfig */,
				C40FBC421A9B2E834E3E32B8 /* Pods-ImageniusTests.debug.xcconfig */,
				D2DF4F2C3E3D79D00AC702CB /* Pods-ImageniusTests.release.xcconfig */,
				ED5E524AB60407D401F2C742 /* Pods-ImageniusUITests.debug.xcconfig */,
				93071570BBD876A547E974D1 /* Pods-ImageniusUITests.release.xcconfig */,
			);
			name = Pods;
			sourceTree = "<group>";
		};
		4603CC231C7DE04D005DF397 /* Supporting Files */ = {
			isa = PBXGroup;
			children = (
				463547081E7799B00026EF63 /* Imagenius-Bridging-Header.h */,
				4603CC241C7DE062005DF397 /* Settings.bundle */,
			);
			path = "Supporting Files";
			sourceTree = "<group>";
		};
		460B4A2C1C6B5CF60089CC7E = {
			isa = PBXGroup;
			children = (
				CAEB5BB1533CB81ADE1E8524 /* Frameworks */,
				460B4A371C6B5CF60089CC7E /* Imagenius */,
				460B4A4C1C6B5CF60089CC7E /* ImageniusTests */,
				460B4A571C6B5CF60089CC7E /* ImageniusUITests */,
				1E17EA4ADBF4CAB9B900269C /* Pods */,
				460B4A361C6B5CF60089CC7E /* Products */,
				4603CC231C7DE04D005DF397 /* Supporting Files */,
			);
			sourceTree = "<group>";
			usesTabs = 0;
		};
		460B4A361C6B5CF60089CC7E /* Products */ = {
			isa = PBXGroup;
			children = (
				460B4A351C6B5CF60089CC7E /* Imagenius.app */,
				460B4A491C6B5CF60089CC7E /* ImageniusTests.xctest */,
				460B4A541C6B5CF60089CC7E /* ImageniusUITests.xctest */,
			);
			name = Products;
			sourceTree = "<group>";
		};
		460B4A371C6B5CF60089CC7E /* Imagenius */ = {
			isa = PBXGroup;
			children = (
				46D681321C7B293200DDB4DE /* Constant */,
				468722E11CB4C41600DEF2DB /* Models */,
				4683829D1C7696CD001DC810 /* Resources */,
				461B7F401C8926BD00419759 /* StoryBoard */,
				468722DF1CB4C3DA00DEF2DB /* Utility */,
				46D681301C7B28B700DDB4DE /* ViewControllers */,
				468722E01CB4C40200DEF2DB /* ViewModels */,
				46D681311C7B290200DDB4DE /* Views */,
				460B4A381C6B5CF60089CC7E /* AppDelegate.swift */,
				460B4A441C6B5CF60089CC7E /* Info.plist */,
			);
			path = Imagenius;
			sourceTree = "<group>";
		};
		460B4A4C1C6B5CF60089CC7E /* ImageniusTests */ = {
			isa = PBXGroup;
			children = (
				460B4A4D1C6B5CF60089CC7E /* ImageniusTests.swift */,
				460B4A4F1C6B5CF60089CC7E /* Info.plist */,
			);
			path = ImageniusTests;
			sourceTree = "<group>";
		};
		460B4A571C6B5CF60089CC7E /* ImageniusUITests */ = {
			isa = PBXGroup;
			children = (
				460B4A581C6B5CF60089CC7E /* ImageniusUITests.swift */,
				460B4A5A1C6B5CF60089CC7E /* Info.plist */,
			);
			path = ImageniusUITests;
			sourceTree = "<group>";
		};
		461B7F401C8926BD00419759 /* StoryBoard */ = {
			isa = PBXGroup;
			children = (
				460B4A411C6B5CF60089CC7E /* LaunchScreen.storyboard */,
				463547101E77DB3F0026EF63 /* Pages.storyboard */,
				463547301E77DFAE0026EF63 /* RootTabController.storyboard */,
				4634CB491CBA5FEB00E9E834 /* TweetTableViewCell.xib */,
			);
			path = StoryBoard;
			sourceTree = "<group>";
		};
		462036D01CA917C800D4F01A /* InfoView */ = {
			isa = PBXGroup;
			children = (
				463547181E77DC270026EF63 /* InfoContainerViewController.storyboard */,
				468722B31CB2606600DEF2DB /* InfoContainerViewController.swift */,
				463547161E77DC0C0026EF63 /* InfoPageViewController.storyboard */,
				468722B41CB2606600DEF2DB /* InfoPageViewController.swift */,
				468722B51CB2606600DEF2DB /* InfoViewController.swift */,
			);
			path = InfoView;
			sourceTree = "<group>";
		};
		46312B241CB69BF7009183D9 /* SettingView */ = {
			isa = PBXGroup;
			children = (
				46312B251CB69C1E009183D9 /* SettingBannerCell.swift */,
			);
			path = SettingView;
			sourceTree = "<group>";
		};
		464A7E811C78299F006100DB /* icon */ = {
			isa = PBXGroup;
			children = (
				4687225F1CB25F4B00DEF2DB /* Icon-40.png */,
				468722601CB25F4B00DEF2DB /* Icon-40@2x.png */,
				468722611CB25F4B00DEF2DB /* Icon-40@3x.png */,
				468722621CB25F4B00DEF2DB /* Icon-60.png */,
				468722631CB25F4B00DEF2DB /* Icon-60@2x.png */,
				468722641CB25F4B00DEF2DB /* Icon-60@3x.png */,
				468722651CB25F4B00DEF2DB /* Icon-72.png */,
				468722661CB25F4B00DEF2DB /* Icon-72@2x.png */,
				468722671CB25F4B00DEF2DB /* Icon-76.png */,
				468722681CB25F4B00DEF2DB /* Icon-76@2x.png */,
				468722691CB25F4B00DEF2DB /* Icon-83.5@2x.png */,
				4687226A1CB25F4B00DEF2DB /* Icon-Small-50.png */,
				4687226B1CB25F4B00DEF2DB /* Icon-Small-50@2x.png */,
				4687226C1CB25F4B00DEF2DB /* Icon-Small.png */,
				4687226D1CB25F4B00DEF2DB /* Icon-Small@2x.png */,
				4687226E1CB25F4B00DEF2DB /* Icon-Small@3x.png */,
				4687226F1CB25F4B00DEF2DB /* Icon.png */,
				468722701CB25F4B00DEF2DB /* Icon@2x.png */,
				468722711CB25F4B00DEF2DB /* iTunesArtwork.png */,
				468722721CB25F4B00DEF2DB /* iTunesArtwork@2x.png */,
			);
			path = icon;
			sourceTree = "<group>";
		};
		464A80251C7997DE006100DB /* Products */ = {
			isa = PBXGroup;
			children = (
				464A802C1C7997DE006100DB /* SwifterDemoiOS.app */,
				464A802E1C7997DE006100DB /* SwifteriOS.framework */,
				464A80301C7997DE006100DB /* SwifterMac.framework */,
				464A80321C7997DE006100DB /* SwifterDemoMac.app */,
				46E540C21CF848570062D71B /* SwifterTests.xctest */,
			);
			name = Products;
			sourceTree = "<group>";
		};
		465D5ABF1E762514003FD4A5 /* Extensions */ = {
			isa = PBXGroup;
			children = (
				4634CB501CBA71FF00E9E834 /* Date+CustomFormat.swift */,
				463547321E77EAC90026EF63 /* String+Error.swift */,
			);
			path = Extensions;
			sourceTree = "<group>";
		};
		467549C01C9574AA00FB3747 /* WebView */ = {
			isa = PBXGroup;
			children = (
				4635471A1E77DC560026EF63 /* WebViewController.storyboard */,
				468722BB1CB2609100DEF2DB /* WebViewController.swift */,
			);
			path = WebView;
			sourceTree = "<group>";
		};
		467549DF1C96AEDA00FB3747 /* SettingView */ = {
			isa = PBXGroup;
			children = (
				463547221E77DD2A0026EF63 /* MuteSettingViewController.storyboard */,
				462D462E1D9ACCE200A82A8B /* MuteSettingViewController.swift */,
				463547241E77DD520026EF63 /* RTSettingTableViewController.storyboard */,
				46B50EF01D855CB000F8F09D /* RTSettingTableViewController.swift */,
				463547281E77DDA00026EF63 /* SettingTableViewController.storyboard */,
				468722B91CB2607C00DEF2DB /* SettingTableViewController.swift */,
			);
			path = SettingView;
			sourceTree = "<group>";
		};
		4683829D1C7696CD001DC810 /* Resources */ = {
			isa = PBXGroup;
			children = (
				464A7E811C78299F006100DB /* icon */,
				460B4A3F1C6B5CF60089CC7E /* Assets.xcassets */,
			);
			path = Resources;
			sourceTree = "<group>";
		};
		468722DF1CB4C3DA00DEF2DB /* Utility */ = {
			isa = PBXGroup;
			children = (
				465D5ABF1E762514003FD4A5 /* Extensions */,
				46BF12011D4F518500FFF5DD /* FavoriteImage.swift */,
				465D5AC01E762547003FD4A5 /* RxImagePickerDelegateProxy.swift */,
				468722EC1CB4E10700DEF2DB /* TwitterUtil.swift */,
				468722ED1CB4E10700DEF2DB /* Utility.swift */,
			);
			path = Utility;
			sourceTree = "<group>";
		};
		468722E01CB4C40200DEF2DB /* ViewModels */ = {
			isa = PBXGroup;
			children = (
				468722F11CB4E13000DEF2DB /* MainView */,
				468722E61CB4E01F00DEF2DB /* TweetView */,
			);
			path = ViewModels;
			sourceTree = "<group>";
		};
		468722E11CB4C41600DEF2DB /* Models */ = {
			isa = PBXGroup;
			children = (
				468722F01CB4E12500DEF2DB /* MainView */,
				468722E71CB4E02D00DEF2DB /* TweetView */,
				46BAE8531D0EFC990020BD82 /* TweetModel.swift */,
			);
			path = Models;
			sourceTree = "<group>";
		};
		468722E61CB4E01F00DEF2DB /* TweetView */ = {
			isa = PBXGroup;
			children = (
				468722E21CB4C5A500DEF2DB /* TiqavImageViewModel.swift */,
			);
			path = TweetView;
			sourceTree = "<group>";
		};
		468722E71CB4E02D00DEF2DB /* TweetView */ = {
			isa = PBXGroup;
			children = (
				468722E41CB4CE0100DEF2DB /* TiqavImageModel.swift */,
			);
			path = TweetView;
			sourceTree = "<group>";
		};
		468722F01CB4E12500DEF2DB /* MainView */ = {
			isa = PBXGroup;
			children = (
				468722F41CB4E18100DEF2DB /* MainModel.swift */,
			);
			path = MainView;
			sourceTree = "<group>";
		};
		468722F11CB4E13000DEF2DB /* MainView */ = {
			isa = PBXGroup;
			children = (
				468722F21CB4E15300DEF2DB /* MainViewModel.swift */,
				46312B291CB74C6D009183D9 /* TweetDetailViewModel.swift */,
				46312B221CB653B6009183D9 /* UserViewModel.swift */,
			);
			path = MainView;
			sourceTree = "<group>";
		};
		46D681301C7B28B700DDB4DE /* ViewControllers */ = {
			isa = PBXGroup;
			children = (
				462036D01CA917C800D4F01A /* InfoView */,
				46DF351B1C8C84AF00CB177F /* MainView */,
				467549DF1C96AEDA00FB3747 /* SettingView */,
				46DF351C1C8C84E000CB177F /* TweetView */,
				467549C01C9574AA00FB3747 /* WebView */,
			);
			path = ViewControllers;
			sourceTree = "<group>";
		};
		46D681311C7B290200DDB4DE /* Views */ = {
			isa = PBXGroup;
			children = (
				46D681341C7B2B1200DDB4DE /* MainView */,
				46312B241CB69BF7009183D9 /* SettingView */,
				46D681331C7B2B0000DDB4DE /* TweetView */,
			);
			path = Views;
			sourceTree = "<group>";
		};
		46D681321C7B293200DDB4DE /* Constant */ = {
			isa = PBXGroup;
			children = (
				468722EA1CB4E0EF00DEF2DB /* Settings.swift */,
			);
			path = Constant;
			sourceTree = "<group>";
		};
		46D681331C7B2B0000DDB4DE /* TweetView */ = {
			isa = PBXGroup;
			children = (
				46BF120A1D4F5A5D00FFF5DD /* FavoriteImageViewCell.swift */,
				468722E81CB4E0C100DEF2DB /* TiqavImageViewCell.swift */,
			);
			path = TweetView;
			sourceTree = "<group>";
		};
		46D681341C7B2B1200DDB4DE /* MainView */ = {
			isa = PBXGroup;
			children = (
				468722CF1CB2611400DEF2DB /* AVPlayerView.swift */,
				468722D01CB2611400DEF2DB /* TweetVarViewCell.swift */,
			);
			path = MainView;
			sourceTree = "<group>";
		};
		46DF351B1C8C84AF00CB177F /* MainView */ = {
			isa = PBXGroup;
			children = (
				463547141E77DB990026EF63 /* GIFViewController.storyboard */,
				468722BD1CB260C400DEF2DB /* GIFViewController.swift */,
				463547121E77DB740026EF63 /* ImagePreViewController.storyboard */,
				468722BE1CB260C400DEF2DB /* ImagePreViewController.swift */,
				4635472E1E77DEF90026EF63 /* ListAllViewController.storyboard */,
				4652B0CD1D98B96E00B6E9CB /* ListAllViewController.swift */,
				468722BF1CB260C400DEF2DB /* MainViewController.swift */,
				468722C01CB260C400DEF2DB /* PreViewController.swift */,
				4635472A1E77DE7D0026EF63 /* ReplyViewController.storyboard */,
				468722C11CB260C400DEF2DB /* ReplyViewController.swift */,
				4635472C1E77DE9B0026EF63 /* TimeLineViewController.storyboard */,
				468722C21CB260C400DEF2DB /* TimeLineViewController.swift */,
				4635471E1E77DCC10026EF63 /* TweetDetailViewController.storyboard */,
				46312B271CB74B8C009183D9 /* TweetDetailViewController.swift */,
				463547201E77DCF30026EF63 /* UserViewController.storyboard */,
				46312B201CB6505F009183D9 /* UserViewController.swift */,
				4635471C1E77DC700026EF63 /* WatchListViewController.storyboard */,
				4652B0CF1D98C51C00B6E9CB /* WatchListViewController.swift */,
			);
			path = MainView;
			sourceTree = "<group>";
		};
		46DF351C1C8C84E000CB177F /* TweetView */ = {
			isa = PBXGroup;
			children = (
				4635470C1E77DAE70026EF63 /* FavoriteImageViewController.storyboard */,
				46BF12081D4F57A700FFF5DD /* FavoriteImageViewController.swift */,
				4635470A1E77DA180026EF63 /* FavoriteResultViewController.storyboard */,
				46BF120C1D4F7AE500FFF5DD /* FavoriteResultViewController.swift */,
				46BD8DD31E7789FE003A5140 /* ResultViewController.storyboard */,
				468722CA1CB260F400DEF2DB /* ResultViewController.swift */,
				46BD8DD51E778B6A003A5140 /* TiqavImageViewController.storyboard */,
				468722C91CB260F400DEF2DB /* TiqavImageViewController.swift */,
				4635470E1E77DB1B0026EF63 /* TweetViewController.storyboard */,
				468722CB1CB260F400DEF2DB /* TweetViewController.swift */,
			);
			path = TweetView;
			sourceTree = "<group>";
		};
		CAEB5BB1533CB81ADE1E8524 /* Frameworks */ = {
			isa = PBXGroup;
			children = (
				463FE90D1D41AB4900F6245E /* RxCocoa.framework */,
				469F18D51CAABA7A00C015EF /* SDWebImage.framework */,
				469F18C21CAAACC800C015EF /* XCTest.framework */,
				469F18C01CAAAB9600C015EF /* MapKit.framework */,
				469F18BE1CAAAB8F00C015EF /* ImageIO.framework */,
				469F18B81CAAAB8100C015EF /* SDWebImage.framework */,
				469F18B41CAA84D000C015EF /* RxTests.framework */,
				469F18AC1CAA844D00C015EF /* RxBlocking.framework */,
				469F18AD1CAA844D00C015EF /* RxCocoa.framework */,
				469F18AE1CAA844D00C015EF /* RxSwift.framework */,
				469F18AF1CAA844D00C015EF /* RxTests.framework.dSYM */,
				4689DFF41CA5684C006B48FF /* AnimatedGIFImageSerialization.framework */,
				467549E51C96BB1B00FB3747 /* MessageUI.framework */,
				467549D11C969C2C00FB3747 /* RegExCategories.framework */,
				464A80601C79EFCD006100DB /* SwifteriOS.framework */,
				464A80461C799BE6006100DB /* DZNEmptyDataSet.framework */,
				464A80471C799BE6006100DB /* FMAssetStream.framework */,
				464A80481C799BE6006100DB /* SCLAlertView.framework */,
				464A80491C799BE6006100DB /* SWTableViewCell.framework */,
				464A80441C799AAC006100DB /* SwifteriOS.framework */,
				464A80241C7997DE006100DB /* Swifter.xcodeproj */,
				2FE4E37EBA5DDB52FCA3F3AD /* Pods_Imagenius.framework */,
				EC28F86431E22963699D968C /* Pods_ImageniusTests.framework */,
				99C45A794A01BF4A1D6E3D7E /* Pods_ImageniusUITests.framework */,
			);
			name = Frameworks;
			sourceTree = "<group>";
		};
/* End PBXGroup section */

/* Begin PBXNativeTarget section */
		460B4A341C6B5CF60089CC7E /* Imagenius */ = {
			isa = PBXNativeTarget;
			buildConfigurationList = 460B4A5D1C6B5CF60089CC7E /* Build configuration list for PBXNativeTarget "Imagenius" */;
			buildPhases = (
				F3CABA5D4A38F45AAB8A87B9 /* [CP] Check Pods Manifest.lock */,
				460B4A311C6B5CF60089CC7E /* Sources */,
				460B4A321C6B5CF60089CC7E /* Frameworks */,
				460B4A331C6B5CF60089CC7E /* Resources */,
				468382931C7581B0001DC810 /* ShellScript */,
				469373501C7A013A00BE1506 /* CopyFiles */,
				FFABCCE0854F0DCB8FBFE4B8 /* [CP] Embed Pods Frameworks */,
				6EFD19B44B9670C0E4B28CAE /* [CP] Copy Pods Resources */,
			);
			buildRules = (
			);
			dependencies = (
			);
			name = Imagenius;
			productName = Imagenius;
			productReference = 460B4A351C6B5CF60089CC7E /* Imagenius.app */;
			productType = "com.apple.product-type.application";
		};
		460B4A481C6B5CF60089CC7E /* ImageniusTests */ = {
			isa = PBXNativeTarget;
			buildConfigurationList = 460B4A601C6B5CF60089CC7E /* Build configuration list for PBXNativeTarget "ImageniusTests" */;
			buildPhases = (
				530C08B0CB464618D9F6FA57 /* [CP] Check Pods Manifest.lock */,
				460B4A451C6B5CF60089CC7E /* Sources */,
				460B4A461C6B5CF60089CC7E /* Frameworks */,
				460B4A471C6B5CF60089CC7E /* Resources */,
				7D428ED71CBA882622A4A7F8 /* [CP] Embed Pods Frameworks */,
				64D5818721142A7FAFF8DE3C /* [CP] Copy Pods Resources */,
			);
			buildRules = (
			);
			dependencies = (
				460B4A4B1C6B5CF60089CC7E /* PBXTargetDependency */,
			);
			name = ImageniusTests;
			productName = ImageniusTests;
			productReference = 460B4A491C6B5CF60089CC7E /* ImageniusTests.xctest */;
			productType = "com.apple.product-type.bundle.unit-test";
		};
		460B4A531C6B5CF60089CC7E /* ImageniusUITests */ = {
			isa = PBXNativeTarget;
			buildConfigurationList = 460B4A631C6B5CF60089CC7E /* Build configuration list for PBXNativeTarget "ImageniusUITests" */;
			buildPhases = (
				144A6C2BE47F51D57AD0BD14 /* [CP] Check Pods Manifest.lock */,
				460B4A501C6B5CF60089CC7E /* Sources */,
				460B4A511C6B5CF60089CC7E /* Frameworks */,
				460B4A521C6B5CF60089CC7E /* Resources */,
				D1CC401216FA26084C3E35C7 /* [CP] Copy Pods Resources */,
				6DE77FD2E62AD96E930B28C2 /* [CP] Embed Pods Frameworks */,
			);
			buildRules = (
			);
			dependencies = (
				460B4A561C6B5CF60089CC7E /* PBXTargetDependency */,
			);
			name = ImageniusUITests;
			productName = ImageniusUITests;
			productReference = 460B4A541C6B5CF60089CC7E /* ImageniusUITests.xctest */;
			productType = "com.apple.product-type.bundle.ui-testing";
		};
/* End PBXNativeTarget section */

/* Begin PBXProject section */
		460B4A2D1C6B5CF60089CC7E /* Project object */ = {
			isa = PBXProject;
			attributes = {
				LastSwiftUpdateCheck = 0730;
				LastUpgradeCheck = 0810;
				ORGANIZATIONNAME = touyou;
				TargetAttributes = {
					460B4A341C6B5CF60089CC7E = {
						CreatedOnToolsVersion = 7.2;
						DevelopmentTeam = B4S4333JDW;
						LastSwiftMigration = 0800;
						ProvisioningStyle = Automatic;
					};
					460B4A481C6B5CF60089CC7E = {
						CreatedOnToolsVersion = 7.2;
						DevelopmentTeam = Q8H8J4PUJC;
						LastSwiftMigration = 0800;
						TestTargetID = 460B4A341C6B5CF60089CC7E;
					};
					460B4A531C6B5CF60089CC7E = {
						CreatedOnToolsVersion = 7.2;
						DevelopmentTeam = Q8H8J4PUJC;
						LastSwiftMigration = 0800;
						TestTargetID = 460B4A341C6B5CF60089CC7E;
					};
				};
			};
			buildConfigurationList = 460B4A301C6B5CF60089CC7E /* Build configuration list for PBXProject "Imagenius" */;
			compatibilityVersion = "Xcode 3.2";
			developmentRegion = English;
			hasScannedForEncodings = 0;
			knownRegions = (
				Base,
			);
			mainGroup = 460B4A2C1C6B5CF60089CC7E;
			productRefGroup = 460B4A361C6B5CF60089CC7E /* Products */;
			projectDirPath = "";
			projectReferences = (
				{
					ProductGroup = 464A80251C7997DE006100DB /* Products */;
					ProjectRef = 464A80241C7997DE006100DB /* Swifter.xcodeproj */;
				},
			);
			projectRoot = "";
			targets = (
				460B4A341C6B5CF60089CC7E /* Imagenius */,
				460B4A481C6B5CF60089CC7E /* ImageniusTests */,
				460B4A531C6B5CF60089CC7E /* ImageniusUITests */,
			);
		};
/* End PBXProject section */

/* Begin PBXReferenceProxy section */
		464A802C1C7997DE006100DB /* SwifterDemoiOS.app */ = {
			isa = PBXReferenceProxy;
			fileType = wrapper.application;
			path = SwifterDemoiOS.app;
			remoteRef = 464A802B1C7997DE006100DB /* PBXContainerItemProxy */;
			sourceTree = BUILT_PRODUCTS_DIR;
		};
		464A802E1C7997DE006100DB /* SwifteriOS.framework */ = {
			isa = PBXReferenceProxy;
			fileType = wrapper.framework;
			path = SwifteriOS.framework;
			remoteRef = 464A802D1C7997DE006100DB /* PBXContainerItemProxy */;
			sourceTree = BUILT_PRODUCTS_DIR;
		};
		464A80301C7997DE006100DB /* SwifterMac.framework */ = {
			isa = PBXReferenceProxy;
			fileType = wrapper.framework;
			path = SwifterMac.framework;
			remoteRef = 464A802F1C7997DE006100DB /* PBXContainerItemProxy */;
			sourceTree = BUILT_PRODUCTS_DIR;
		};
		464A80321C7997DE006100DB /* SwifterDemoMac.app */ = {
			isa = PBXReferenceProxy;
			fileType = wrapper.application;
			path = SwifterDemoMac.app;
			remoteRef = 464A80311C7997DE006100DB /* PBXContainerItemProxy */;
			sourceTree = BUILT_PRODUCTS_DIR;
		};
		46E540C21CF848570062D71B /* SwifterTests.xctest */ = {
			isa = PBXReferenceProxy;
			fileType = wrapper.cfbundle;
			path = SwifterTests.xctest;
			remoteRef = 46E540C11CF848570062D71B /* PBXContainerItemProxy */;
			sourceTree = BUILT_PRODUCTS_DIR;
		};
/* End PBXReferenceProxy section */

/* Begin PBXResourcesBuildPhase section */
		460B4A331C6B5CF60089CC7E /* Resources */ = {
			isa = PBXResourcesBuildPhase;
			buildActionMask = 2147483647;
			files = (
				4635471B1E77DC560026EF63 /* WebViewController.storyboard in Resources */,
				46BD8DDD1E7793C5003A5140 /* LaunchScreen.storyboard in Resources */,
				4635470F1E77DB1B0026EF63 /* TweetViewController.storyboard in Resources */,
				463547131E77DB740026EF63 /* ImagePreViewController.storyboard in Resources */,
				46BD8DDF1E7793C5003A5140 /* TweetTableViewCell.xib in Resources */,
				4687227B1CB25F4B00DEF2DB /* Icon-76.png in Resources */,
				468722741CB25F4B00DEF2DB /* Icon-40@2x.png in Resources */,
				468722751CB25F4B00DEF2DB /* Icon-40@3x.png in Resources */,
				463547171E77DC0C0026EF63 /* InfoPageViewController.storyboard in Resources */,
				463547211E77DCF30026EF63 /* UserViewController.storyboard in Resources */,
				463547111E77DB3F0026EF63 /* Pages.storyboard in Resources */,
				4635472B1E77DE7D0026EF63 /* ReplyViewController.storyboard in Resources */,
				4635470D1E77DAE70026EF63 /* FavoriteImageViewController.storyboard in Resources */,
				4687227C1CB25F4B00DEF2DB /* Icon-76@2x.png in Resources */,
				4687227D1CB25F4B00DEF2DB /* Icon-83.5@2x.png in Resources */,
				4635471F1E77DCC10026EF63 /* TweetDetailViewController.storyboard in Resources */,
				46BD8DD61E778B6A003A5140 /* TiqavImageViewController.storyboard in Resources */,
				468722791CB25F4B00DEF2DB /* Icon-72.png in Resources */,
				4635471D1E77DC700026EF63 /* WatchListViewController.storyboard in Resources */,
				463547231E77DD2A0026EF63 /* MuteSettingViewController.storyboard in Resources */,
				468722821CB25F4B00DEF2DB /* Icon-Small@3x.png in Resources */,
				468722861CB25F4B00DEF2DB /* iTunesArtwork@2x.png in Resources */,
				468722831CB25F4B00DEF2DB /* Icon.png in Resources */,
				468722771CB25F4B00DEF2DB /* Icon-60@2x.png in Resources */,
				463547291E77DDA00026EF63 /* SettingTableViewController.storyboard in Resources */,
				468722851CB25F4B00DEF2DB /* iTunesArtwork.png in Resources */,
				468722801CB25F4B00DEF2DB /* Icon-Small.png in Resources */,
				4635470B1E77DA180026EF63 /* FavoriteResultViewController.storyboard in Resources */,
				4687227F1CB25F4B00DEF2DB /* Icon-Small-50@2x.png in Resources */,
				4635472D1E77DE9B0026EF63 /* TimeLineViewController.storyboard in Resources */,
				463547151E77DB990026EF63 /* GIFViewController.storyboard in Resources */,
				4687227E1CB25F4B00DEF2DB /* Icon-Small-50.png in Resources */,
				468722781CB25F4B00DEF2DB /* Icon-60@3x.png in Resources */,
				468722841CB25F4B00DEF2DB /* Icon@2x.png in Resources */,
				468722811CB25F4B00DEF2DB /* Icon-Small@2x.png in Resources */,
				463547191E77DC270026EF63 /* InfoContainerViewController.storyboard in Resources */,
				463547251E77DD520026EF63 /* RTSettingTableViewController.storyboard in Resources */,
				468722761CB25F4B00DEF2DB /* Icon-60.png in Resources */,
				46BD8DD41E7789FE003A5140 /* ResultViewController.storyboard in Resources */,
				460B4A401C6B5CF60089CC7E /* Assets.xcassets in Resources */,
				4687227A1CB25F4B00DEF2DB /* Icon-72@2x.png in Resources */,
				463547311E77DFAE0026EF63 /* RootTabController.storyboard in Resources */,
				4603CC251C7DE062005DF397 /* Settings.bundle in Resources */,
				4635472F1E77DEF90026EF63 /* ListAllViewController.storyboard in Resources */,
				468722731CB25F4B00DEF2DB /* Icon-40.png in Resources */,
			);
			runOnlyForDeploymentPostprocessing = 0;
		};
		460B4A471C6B5CF60089CC7E /* Resources */ = {
			isa = PBXResourcesBuildPhase;
			buildActionMask = 2147483647;
			files = (
			);
			runOnlyForDeploymentPostprocessing = 0;
		};
		460B4A521C6B5CF60089CC7E /* Resources */ = {
			isa = PBXResourcesBuildPhase;
			buildActionMask = 2147483647;
			files = (
			);
			runOnlyForDeploymentPostprocessing = 0;
		};
/* End PBXResourcesBuildPhase section */

/* Begin PBXShellScriptBuildPhase section */
		144A6C2BE47F51D57AD0BD14 /* [CP] Check Pods Manifest.lock */ = {
			isa = PBXShellScriptBuildPhase;
			buildActionMask = 2147483647;
			files = (
			);
			inputPaths = (
			);
			name = "[CP] Check Pods Manifest.lock";
			outputPaths = (
			);
			runOnlyForDeploymentPostprocessing = 0;
			shellPath = /bin/sh;
			shellScript = "diff \"${PODS_ROOT}/../Podfile.lock\" \"${PODS_ROOT}/Manifest.lock\" > /dev/null\nif [ $? != 0 ] ; then\n    # print error to STDERR\n    echo \"error: The sandbox is not in sync with the Podfile.lock. Run 'pod install' or update your CocoaPods installation.\" >&2\n    exit 1\nfi\n";
			showEnvVarsInLog = 0;
		};
		468382931C7581B0001DC810 /* ShellScript */ = {
			isa = PBXShellScriptBuildPhase;
			buildActionMask = 2147483647;
			files = (
			);
			inputPaths = (
			);
			outputPaths = (
			);
			runOnlyForDeploymentPostprocessing = 0;
			shellPath = /bin/sh;
			shellScript = "APP_VERSION=$(/usr/libexec/PlistBuddy -c \"Print CFBundleShortVersionString\" $PRODUCT_SETTINGS_PATH)\n/usr/libexec/PlistBuddy -c \"Set :PreferenceSpecifiers:1:DefaultValue ${APP_VERSION}\" \"${BUILT_PRODUCTS_DIR}/${WRAPPER_NAME}/Settings.bundle/Root.plist\"\nif which swiftlint >/dev/null; then\n    swiftlint\nelse\n    echo \"SwiftLint does not exist, download from https://github.com/realm/SwiftLint\"\nfi";
		};
		530C08B0CB464618D9F6FA57 /* [CP] Check Pods Manifest.lock */ = {
			isa = PBXShellScriptBuildPhase;
			buildActionMask = 2147483647;
			files = (
			);
			inputPaths = (
			);
			name = "[CP] Check Pods Manifest.lock";
			outputPaths = (
			);
			runOnlyForDeploymentPostprocessing = 0;
			shellPath = /bin/sh;
			shellScript = "diff \"${PODS_ROOT}/../Podfile.lock\" \"${PODS_ROOT}/Manifest.lock\" > /dev/null\nif [ $? != 0 ] ; then\n    # print error to STDERR\n    echo \"error: The sandbox is not in sync with the Podfile.lock. Run 'pod install' or update your CocoaPods installation.\" >&2\n    exit 1\nfi\n";
			showEnvVarsInLog = 0;
		};
		64D5818721142A7FAFF8DE3C /* [CP] Copy Pods Resources */ = {
			isa = PBXShellScriptBuildPhase;
			buildActionMask = 2147483647;
			files = (
			);
			inputPaths = (
			);
			name = "[CP] Copy Pods Resources";
			outputPaths = (
			);
			runOnlyForDeploymentPostprocessing = 0;
			shellPath = /bin/sh;
			shellScript = "\"${SRCROOT}/Pods/Target Support Files/Pods-ImageniusTests/Pods-ImageniusTests-resources.sh\"\n";
			showEnvVarsInLog = 0;
		};
		6DE77FD2E62AD96E930B28C2 /* [CP] Embed Pods Frameworks */ = {
			isa = PBXShellScriptBuildPhase;
			buildActionMask = 2147483647;
			files = (
			);
			inputPaths = (
			);
			name = "[CP] Embed Pods Frameworks";
			outputPaths = (
			);
			runOnlyForDeploymentPostprocessing = 0;
			shellPath = /bin/sh;
			shellScript = "\"${SRCROOT}/Pods/Target Support Files/Pods-ImageniusUITests/Pods-ImageniusUITests-frameworks.sh\"\n";
			showEnvVarsInLog = 0;
		};
		6EFD19B44B9670C0E4B28CAE /* [CP] Copy Pods Resources */ = {
			isa = PBXShellScriptBuildPhase;
			buildActionMask = 2147483647;
			files = (
			);
			inputPaths = (
			);
			name = "[CP] Copy Pods Resources";
			outputPaths = (
			);
			runOnlyForDeploymentPostprocessing = 0;
			shellPath = /bin/sh;
			shellScript = "\"${SRCROOT}/Pods/Target Support Files/Pods-Imagenius/Pods-Imagenius-resources.sh\"\n";
			showEnvVarsInLog = 0;
		};
		7D428ED71CBA882622A4A7F8 /* [CP] Embed Pods Frameworks */ = {
			isa = PBXShellScriptBuildPhase;
			buildActionMask = 2147483647;
			files = (
			);
			inputPaths = (
			);
			name = "[CP] Embed Pods Frameworks";
			outputPaths = (
			);
			runOnlyForDeploymentPostprocessing = 0;
			shellPath = /bin/sh;
			shellScript = "\"${SRCROOT}/Pods/Target Support Files/Pods-ImageniusTests/Pods-ImageniusTests-frameworks.sh\"\n";
			showEnvVarsInLog = 0;
		};
		D1CC401216FA26084C3E35C7 /* [CP] Copy Pods Resources */ = {
			isa = PBXShellScriptBuildPhase;
			buildActionMask = 2147483647;
			files = (
			);
			inputPaths = (
			);
			name = "[CP] Copy Pods Resources";
			outputPaths = (
			);
			runOnlyForDeploymentPostprocessing = 0;
			shellPath = /bin/sh;
			shellScript = "\"${SRCROOT}/Pods/Target Support Files/Pods-ImageniusUITests/Pods-ImageniusUITests-resources.sh\"\n";
			showEnvVarsInLog = 0;
		};
		F3CABA5D4A38F45AAB8A87B9 /* [CP] Check Pods Manifest.lock */ = {
			isa = PBXShellScriptBuildPhase;
			buildActionMask = 2147483647;
			files = (
			);
			inputPaths = (
			);
			name = "[CP] Check Pods Manifest.lock";
			outputPaths = (
			);
			runOnlyForDeploymentPostprocessing = 0;
			shellPath = /bin/sh;
			shellScript = "diff \"${PODS_ROOT}/../Podfile.lock\" \"${PODS_ROOT}/Manifest.lock\" > /dev/null\nif [ $? != 0 ] ; then\n    # print error to STDERR\n    echo \"error: The sandbox is not in sync with the Podfile.lock. Run 'pod install' or update your CocoaPods installation.\" >&2\n    exit 1\nfi\n";
			showEnvVarsInLog = 0;
		};
		FFABCCE0854F0DCB8FBFE4B8 /* [CP] Embed Pods Frameworks */ = {
			isa = PBXShellScriptBuildPhase;
			buildActionMask = 2147483647;
			files = (
			);
			inputPaths = (
			);
			name = "[CP] Embed Pods Frameworks";
			outputPaths = (
			);
			runOnlyForDeploymentPostprocessing = 0;
			shellPath = /bin/sh;
			shellScript = "\"${SRCROOT}/Pods/Target Support Files/Pods-Imagenius/Pods-Imagenius-frameworks.sh\"\n";
			showEnvVarsInLog = 0;
		};
/* End PBXShellScriptBuildPhase section */

/* Begin PBXSourcesBuildPhase section */
		460B4A311C6B5CF60089CC7E /* Sources */ = {
			isa = PBXSourcesBuildPhase;
			buildActionMask = 2147483647;
			files = (
				46BAE8541D0EFC990020BD82 /* TweetModel.swift in Sources */,
				463547331E77EAC90026EF63 /* String+Error.swift in Sources */,
				468722D11CB2611400DEF2DB /* AVPlayerView.swift in Sources */,
				462D462F1D9ACCE200A82A8B /* MuteSettingViewController.swift in Sources */,
				465D5AC11E762547003FD4A5 /* RxImagePickerDelegateProxy.swift in Sources */,
				468722BC1CB2609100DEF2DB /* WebViewController.swift in Sources */,
				468722D21CB2611400DEF2DB /* TweetVarViewCell.swift in Sources */,
				468722F51CB4E18100DEF2DB /* MainModel.swift in Sources */,
				468722C71CB260C400DEF2DB /* ReplyViewController.swift in Sources */,
				46312B2A1CB74C6D009183D9 /* TweetDetailViewModel.swift in Sources */,
				46BF120D1D4F7AE500FFF5DD /* FavoriteResultViewController.swift in Sources */,
				4652B0CE1D98B96E00B6E9CB /* ListAllViewController.swift in Sources */,
				468722E51CB4CE0100DEF2DB /* TiqavImageModel.swift in Sources */,
				46312B261CB69C1E009183D9 /* SettingBannerCell.swift in Sources */,
				468722EE1CB4E10700DEF2DB /* TwitterUtil.swift in Sources */,
				46BF120B1D4F5A5D00FFF5DD /* FavoriteImageViewCell.swift in Sources */,
				4652B0D01D98C51C00B6E9CB /* WatchListViewController.swift in Sources */,
				46BF12021D4F518600FFF5DD /* FavoriteImage.swift in Sources */,
				468722B61CB2606600DEF2DB /* InfoContainerViewController.swift in Sources */,
				468722B71CB2606600DEF2DB /* InfoPageViewController.swift in Sources */,
				46312B281CB74B8C009183D9 /* TweetDetailViewController.swift in Sources */,
				4634CB511CBA71FF00E9E834 /* Date+CustomFormat.swift in Sources */,
				46B50EF11D855CB000F8F09D /* RTSettingTableViewController.swift in Sources */,
				468722C81CB260C400DEF2DB /* TimeLineViewController.swift in Sources */,
				468722CD1CB260F400DEF2DB /* ResultViewController.swift in Sources */,
				468722EF1CB4E10700DEF2DB /* Utility.swift in Sources */,
				46BF12091D4F57A700FFF5DD /* FavoriteImageViewController.swift in Sources */,
				468722C61CB260C400DEF2DB /* PreViewController.swift in Sources */,
				468722C51CB260C400DEF2DB /* MainViewController.swift in Sources */,
				468722E31CB4C5A500DEF2DB /* TiqavImageViewModel.swift in Sources */,
				46312B211CB6505F009183D9 /* UserViewController.swift in Sources */,
				460B4A391C6B5CF60089CC7E /* AppDelegate.swift in Sources */,
				468722BA1CB2607C00DEF2DB /* SettingTableViewController.swift in Sources */,
				468722C31CB260C400DEF2DB /* GIFViewController.swift in Sources */,
				468722EB1CB4E0EF00DEF2DB /* Settings.swift in Sources */,
				468722CE1CB260F400DEF2DB /* TweetViewController.swift in Sources */,
				468722B81CB2606600DEF2DB /* InfoViewController.swift in Sources */,
				468722CC1CB260F400DEF2DB /* TiqavImageViewController.swift in Sources */,
				468722E91CB4E0C100DEF2DB /* TiqavImageViewCell.swift in Sources */,
				468722C41CB260C400DEF2DB /* ImagePreViewController.swift in Sources */,
				46312B231CB653B6009183D9 /* UserViewModel.swift in Sources */,
				468722F31CB4E15300DEF2DB /* MainViewModel.swift in Sources */,
			);
			runOnlyForDeploymentPostprocessing = 0;
		};
		460B4A451C6B5CF60089CC7E /* Sources */ = {
			isa = PBXSourcesBuildPhase;
			buildActionMask = 2147483647;
			files = (
				460B4A4E1C6B5CF60089CC7E /* ImageniusTests.swift in Sources */,
			);
			runOnlyForDeploymentPostprocessing = 0;
		};
		460B4A501C6B5CF60089CC7E /* Sources */ = {
			isa = PBXSourcesBuildPhase;
			buildActionMask = 2147483647;
			files = (
				460B4A591C6B5CF60089CC7E /* ImageniusUITests.swift in Sources */,
			);
			runOnlyForDeploymentPostprocessing = 0;
		};
/* End PBXSourcesBuildPhase section */

/* Begin PBXTargetDependency section */
		460B4A4B1C6B5CF60089CC7E /* PBXTargetDependency */ = {
			isa = PBXTargetDependency;
			target = 460B4A341C6B5CF60089CC7E /* Imagenius */;
			targetProxy = 460B4A4A1C6B5CF60089CC7E /* PBXContainerItemProxy */;
		};
		460B4A561C6B5CF60089CC7E /* PBXTargetDependency */ = {
			isa = PBXTargetDependency;
			target = 460B4A341C6B5CF60089CC7E /* Imagenius */;
			targetProxy = 460B4A551C6B5CF60089CC7E /* PBXContainerItemProxy */;
		};
/* End PBXTargetDependency section */

/* Begin PBXVariantGroup section */
		460B4A411C6B5CF60089CC7E /* LaunchScreen.storyboard */ = {
			isa = PBXVariantGroup;
			children = (
				460B4A421C6B5CF60089CC7E /* Base */,
			);
			name = LaunchScreen.storyboard;
			path = .;
			sourceTree = "<group>";
		};
		4634CB491CBA5FEB00E9E834 /* TweetTableViewCell.xib */ = {
			isa = PBXVariantGroup;
			children = (
				4634CB4A1CBA5FEB00E9E834 /* Base */,
			);
			name = TweetTableViewCell.xib;
			path = .;
			sourceTree = "<group>";
		};
/* End PBXVariantGroup section */

/* Begin XCBuildConfiguration section */
		460B4A5B1C6B5CF60089CC7E /* Debug */ = {
			isa = XCBuildConfiguration;
			buildSettings = {
				ALWAYS_SEARCH_USER_PATHS = NO;
				CLANG_CXX_LANGUAGE_STANDARD = "gnu++0x";
				CLANG_CXX_LIBRARY = "libc++";
				CLANG_ENABLE_MODULES = YES;
				CLANG_ENABLE_OBJC_ARC = YES;
				CLANG_WARN_BOOL_CONVERSION = YES;
				CLANG_WARN_CONSTANT_CONVERSION = YES;
				CLANG_WARN_DIRECT_OBJC_ISA_USAGE = YES_ERROR;
				CLANG_WARN_EMPTY_BODY = YES;
				CLANG_WARN_ENUM_CONVERSION = YES;
				CLANG_WARN_INFINITE_RECURSION = YES;
				CLANG_WARN_INT_CONVERSION = YES;
				CLANG_WARN_OBJC_ROOT_CLASS = YES_ERROR;
				CLANG_WARN_SUSPICIOUS_MOVE = YES;
				CLANG_WARN_UNREACHABLE_CODE = YES;
				CLANG_WARN__DUPLICATE_METHOD_MATCH = YES;
				"CODE_SIGN_IDENTITY[sdk=iphoneos*]" = "iPhone Developer";
				COPY_PHASE_STRIP = NO;
				DEBUG_INFORMATION_FORMAT = dwarf;
				ENABLE_STRICT_OBJC_MSGSEND = YES;
				ENABLE_TESTABILITY = YES;
				GCC_C_LANGUAGE_STANDARD = gnu99;
				GCC_DYNAMIC_NO_PIC = NO;
				GCC_NO_COMMON_BLOCKS = YES;
				GCC_OPTIMIZATION_LEVEL = 0;
				GCC_PREPROCESSOR_DEFINITIONS = (
					"DEBUG=1",
					"$(inherited)",
				);
				GCC_WARN_64_TO_32_BIT_CONVERSION = YES;
				GCC_WARN_ABOUT_RETURN_TYPE = YES_ERROR;
				GCC_WARN_UNDECLARED_SELECTOR = YES;
				GCC_WARN_UNINITIALIZED_AUTOS = YES_AGGRESSIVE;
				GCC_WARN_UNUSED_FUNCTION = YES;
				GCC_WARN_UNUSED_VARIABLE = YES;
				IPHONEOS_DEPLOYMENT_TARGET = 9.0;
				MTL_ENABLE_DEBUG_INFO = YES;
				ONLY_ACTIVE_ARCH = YES;
				SDKROOT = iphoneos;
				SWIFT_OPTIMIZATION_LEVEL = "-Onone";
			};
			name = Debug;
		};
		460B4A5C1C6B5CF60089CC7E /* Release */ = {
			isa = XCBuildConfiguration;
			buildSettings = {
				ALWAYS_SEARCH_USER_PATHS = NO;
				CLANG_CXX_LANGUAGE_STANDARD = "gnu++0x";
				CLANG_CXX_LIBRARY = "libc++";
				CLANG_ENABLE_MODULES = YES;
				CLANG_ENABLE_OBJC_ARC = YES;
				CLANG_WARN_BOOL_CONVERSION = YES;
				CLANG_WARN_CONSTANT_CONVERSION = YES;
				CLANG_WARN_DIRECT_OBJC_ISA_USAGE = YES_ERROR;
				CLANG_WARN_EMPTY_BODY = YES;
				CLANG_WARN_ENUM_CONVERSION = YES;
				CLANG_WARN_INFINITE_RECURSION = YES;
				CLANG_WARN_INT_CONVERSION = YES;
				CLANG_WARN_OBJC_ROOT_CLASS = YES_ERROR;
				CLANG_WARN_SUSPICIOUS_MOVE = YES;
				CLANG_WARN_UNREACHABLE_CODE = YES;
				CLANG_WARN__DUPLICATE_METHOD_MATCH = YES;
				"CODE_SIGN_IDENTITY[sdk=iphoneos*]" = "iPhone Developer";
				COPY_PHASE_STRIP = NO;
				DEBUG_INFORMATION_FORMAT = "dwarf-with-dsym";
				ENABLE_NS_ASSERTIONS = NO;
				ENABLE_STRICT_OBJC_MSGSEND = YES;
				GCC_C_LANGUAGE_STANDARD = gnu99;
				GCC_NO_COMMON_BLOCKS = YES;
				GCC_WARN_64_TO_32_BIT_CONVERSION = YES;
				GCC_WARN_ABOUT_RETURN_TYPE = YES_ERROR;
				GCC_WARN_UNDECLARED_SELECTOR = YES;
				GCC_WARN_UNINITIALIZED_AUTOS = YES_AGGRESSIVE;
				GCC_WARN_UNUSED_FUNCTION = YES;
				GCC_WARN_UNUSED_VARIABLE = YES;
				IPHONEOS_DEPLOYMENT_TARGET = 9.0;
				MTL_ENABLE_DEBUG_INFO = NO;
				SDKROOT = iphoneos;
				SWIFT_OPTIMIZATION_LEVEL = "-Owholemodule";
				VALIDATE_PRODUCT = YES;
			};
			name = Release;
		};
		460B4A5E1C6B5CF60089CC7E /* Debug */ = {
			isa = XCBuildConfiguration;
			baseConfigurationReference = C5437ACF577CA5C938C1B281 /* Pods-Imagenius.debug.xcconfig */;
			buildSettings = {
				ALWAYS_EMBED_SWIFT_STANDARD_LIBRARIES = YES;
				ASSETCATALOG_COMPILER_APPICON_NAME = AppIcon;
				CLANG_ENABLE_MODULES = YES;
				CODE_SIGN_IDENTITY = "iPhone Developer";
				"CODE_SIGN_IDENTITY[sdk=iphoneos*]" = "iPhone Developer";
				DEVELOPMENT_TEAM = "";
				ENABLE_BITCODE = NO;
				FRAMEWORK_SEARCH_PATHS = "$(inherited)";
				INFOPLIST_FILE = Imagenius/Info.plist;
				INSTALL_PATH = /Applications;
				IPHONEOS_DEPLOYMENT_TARGET = 9.0;
				LD_RUNPATH_SEARCH_PATHS = "$(inherited) @executable_path/../Frameworks @loader_path/../Frameworks @executable_path/Frameworks";
				PRODUCT_BUNDLE_IDENTIFIER = com.dev.touyou.Imagenius;
				PRODUCT_NAME = "$(TARGET_NAME)";
				PROVISIONING_PROFILE = "";
				PROVISIONING_PROFILE_SPECIFIER = "";
				SWIFT_OBJC_BRIDGING_HEADER = "Imagenius-Bridging-Header.h";
				"SWIFT_OBJC_BRIDGING_HEADER[arch=*]" = "";
				SWIFT_OPTIMIZATION_LEVEL = "-Onone";
				SWIFT_VERSION = 3.0;
				TARGETED_DEVICE_FAMILY = "1,2";
			};
			name = Debug;
		};
		460B4A5F1C6B5CF60089CC7E /* Release */ = {
			isa = XCBuildConfiguration;
			baseConfigurationReference = C4647FCCCD981A5F574E76B3 /* Pods-Imagenius.release.xcconfig */;
			buildSettings = {
				ALWAYS_EMBED_SWIFT_STANDARD_LIBRARIES = YES;
				ASSETCATALOG_COMPILER_APPICON_NAME = AppIcon;
				CLANG_ENABLE_MODULES = YES;
				CODE_SIGN_IDENTITY = "iPhone Distribution";
				"CODE_SIGN_IDENTITY[sdk=iphoneos*]" = "iPhone Developer";
				DEVELOPMENT_TEAM = "";
				ENABLE_BITCODE = NO;
				FRAMEWORK_SEARCH_PATHS = "$(inherited)";
				INFOPLIST_FILE = Imagenius/Info.plist;
				INSTALL_PATH = /Applications;
				IPHONEOS_DEPLOYMENT_TARGET = 9.0;
				LD_RUNPATH_SEARCH_PATHS = "$(inherited) @executable_path/../Frameworks @loader_path/../Frameworks @executable_path/Frameworks";
				PRODUCT_BUNDLE_IDENTIFIER = com.dev.touyou.Imagenius;
				PRODUCT_NAME = "$(TARGET_NAME)";
				PROVISIONING_PROFILE = "";
				PROVISIONING_PROFILE_SPECIFIER = "";
				SWIFT_OBJC_BRIDGING_HEADER = "Imagenius-Bridging-Header.h";
				"SWIFT_OBJC_BRIDGING_HEADER[arch=*]" = "";
				SWIFT_VERSION = 3.0;
				TARGETED_DEVICE_FAMILY = "1,2";
			};
			name = Release;
		};
		460B4A611C6B5CF60089CC7E /* Debug */ = {
			isa = XCBuildConfiguration;
			baseConfigurationReference = C40FBC421A9B2E834E3E32B8 /* Pods-ImageniusTests.debug.xcconfig */;
			buildSettings = {
				ALWAYS_EMBED_SWIFT_STANDARD_LIBRARIES = YES;
				BUNDLE_LOADER = "$(TEST_HOST)";
				INFOPLIST_FILE = ImageniusTests/Info.plist;
				LD_RUNPATH_SEARCH_PATHS = "$(inherited) @executable_path/Frameworks @loader_path/Frameworks";
				ONLY_ACTIVE_ARCH = NO;
				PRODUCT_BUNDLE_IDENTIFIER = io.github.touyou.ImageniusTests;
				PRODUCT_NAME = "$(TARGET_NAME)";
				SWIFT_VERSION = 3.0;
				TEST_HOST = "$(BUILT_PRODUCTS_DIR)/Imagenius.app/Imagenius";
			};
			name = Debug;
		};
		460B4A621C6B5CF60089CC7E /* Release */ = {
			isa = XCBuildConfiguration;
			baseConfigurationReference = D2DF4F2C3E3D79D00AC702CB /* Pods-ImageniusTests.release.xcconfig */;
			buildSettings = {
				ALWAYS_EMBED_SWIFT_STANDARD_LIBRARIES = YES;
				BUNDLE_LOADER = "$(TEST_HOST)";
				INFOPLIST_FILE = ImageniusTests/Info.plist;
				LD_RUNPATH_SEARCH_PATHS = "$(inherited) @executable_path/Frameworks @loader_path/Frameworks";
				PRODUCT_BUNDLE_IDENTIFIER = io.github.touyou.ImageniusTests;
				PRODUCT_NAME = "$(TARGET_NAME)";
				SWIFT_VERSION = 3.0;
				TEST_HOST = "$(BUILT_PRODUCTS_DIR)/Imagenius.app/Imagenius";
			};
			name = Release;
		};
		460B4A641C6B5CF60089CC7E /* Debug */ = {
			isa = XCBuildConfiguration;
			baseConfigurationReference = ED5E524AB60407D401F2C742 /* Pods-ImageniusUITests.debug.xcconfig */;
			buildSettings = {
				INFOPLIST_FILE = ImageniusUITests/Info.plist;
				LD_RUNPATH_SEARCH_PATHS = "$(inherited) @executable_path/Frameworks @loader_path/Frameworks";
				PRODUCT_BUNDLE_IDENTIFIER = io.github.touyou.ImageniusUITests;
				PRODUCT_NAME = "$(TARGET_NAME)";
				SWIFT_VERSION = 3.0;
				TEST_TARGET_NAME = Imagenius;
				USES_XCTRUNNER = YES;
			};
			name = Debug;
		};
		460B4A651C6B5CF60089CC7E /* Release */ = {
			isa = XCBuildConfiguration;
			baseConfigurationReference = 93071570BBD876A547E974D1 /* Pods-ImageniusUITests.release.xcconfig */;
			buildSettings = {
				INFOPLIST_FILE = ImageniusUITests/Info.plist;
				LD_RUNPATH_SEARCH_PATHS = "$(inherited) @executable_path/Frameworks @loader_path/Frameworks";
				PRODUCT_BUNDLE_IDENTIFIER = io.github.touyou.ImageniusUITests;
				PRODUCT_NAME = "$(TARGET_NAME)";
				SWIFT_VERSION = 3.0;
				TEST_TARGET_NAME = Imagenius;
				USES_XCTRUNNER = YES;
			};
			name = Release;
		};
/* End XCBuildConfiguration section */

/* Begin XCConfigurationList section */
		460B4A301C6B5CF60089CC7E /* Build configuration list for PBXProject "Imagenius" */ = {
			isa = XCConfigurationList;
			buildConfigurations = (
				460B4A5B1C6B5CF60089CC7E /* Debug */,
				460B4A5C1C6B5CF60089CC7E /* Release */,
			);
			defaultConfigurationIsVisible = 0;
			defaultConfigurationName = Release;
		};
		460B4A5D1C6B5CF60089CC7E /* Build configuration list for PBXNativeTarget "Imagenius" */ = {
			isa = XCConfigurationList;
			buildConfigurations = (
				460B4A5E1C6B5CF60089CC7E /* Debug */,
				460B4A5F1C6B5CF60089CC7E /* Release */,
			);
			defaultConfigurationIsVisible = 0;
			defaultConfigurationName = Release;
		};
		460B4A601C6B5CF60089CC7E /* Build configuration list for PBXNativeTarget "ImageniusTests" */ = {
			isa = XCConfigurationList;
			buildConfigurations = (
				460B4A611C6B5CF60089CC7E /* Debug */,
				460B4A621C6B5CF60089CC7E /* Release */,
			);
			defaultConfigurationIsVisible = 0;
			defaultConfigurationName = Release;
		};
		460B4A631C6B5CF60089CC7E /* Build configuration list for PBXNativeTarget "ImageniusUITests" */ = {
			isa = XCConfigurationList;
			buildConfigurations = (
				460B4A641C6B5CF60089CC7E /* Debug */,
				460B4A651C6B5CF60089CC7E /* Release */,
			);
			defaultConfigurationIsVisible = 0;
			defaultConfigurationName = Release;
		};
/* End XCConfigurationList section */
	};
	rootObject = 460B4A2D1C6B5CF60089CC7E /* Project object */;
}
