// !$*UTF8*$!
{
	archiveVersion = 1;
	classes = {
	};
	objectVersion = 46;
	objects = {

/* Begin PBXBuildFile section */
		460B4A391C6B5CF60089CC7E /* AppDelegate.swift in Sources */ = {isa = PBXBuildFile; fileRef = 460B4A381C6B5CF60089CC7E /* AppDelegate.swift */; };
		460B4A3B1C6B5CF60089CC7E /* ViewController.swift in Sources */ = {isa = PBXBuildFile; fileRef = 460B4A3A1C6B5CF60089CC7E /* ViewController.swift */; };
		460B4A3E1C6B5CF60089CC7E /* Main.storyboard in Resources */ = {isa = PBXBuildFile; fileRef = 460B4A3C1C6B5CF60089CC7E /* Main.storyboard */; };
		460B4A401C6B5CF60089CC7E /* Assets.xcassets in Resources */ = {isa = PBXBuildFile; fileRef = 460B4A3F1C6B5CF60089CC7E /* Assets.xcassets */; };
		460B4A431C6B5CF60089CC7E /* LaunchScreen.storyboard in Resources */ = {isa = PBXBuildFile; fileRef = 460B4A411C6B5CF60089CC7E /* LaunchScreen.storyboard */; };
		460B4A4E1C6B5CF60089CC7E /* ImageniusTests.swift in Sources */ = {isa = PBXBuildFile; fileRef = 460B4A4D1C6B5CF60089CC7E /* ImageniusTests.swift */; };
		460B4A591C6B5CF60089CC7E /* ImageniusUITests.swift in Sources */ = {isa = PBXBuildFile; fileRef = 460B4A581C6B5CF60089CC7E /* ImageniusUITests.swift */; };
/* End PBXBuildFile section */

/* Begin PBXContainerItemProxy section */
		460B4A4A1C6B5CF60089CC7E /* PBXContainerItemProxy */ = {
			isa = PBXContainerItemProxy;
			containerPortal = 460B4A2D1C6B5CF60089CC7E /* Project object */;
			proxyType = 1;
			remoteGlobalIDString = 460B4A341C6B5CF60089CC7E;
			remoteInfo = Imagenius;
		};
		460B4A551C6B5CF60089CC7E /* PBXContainerItemProxy */ = {
			isa = PBXContainerItemProxy;
			containerPortal = 460B4A2D1C6B5CF60089CC7E /* Project object */;
			proxyType = 1;
			remoteGlobalIDString = 460B4A341C6B5CF60089CC7E;
			remoteInfo = Imagenius;
		};
/* End PBXContainerItemProxy section */

/* Begin PBXFileReference section */
		460B4A351C6B5CF60089CC7E /* Imagenius.app */ = {isa = PBXFileReference; explicitFileType = wrapper.application; includeInIndex = 0; path = Imagenius.app; sourceTree = BUILT_PRODUCTS_DIR; };
		460B4A381C6B5CF60089CC7E /* AppDelegate.swift */ = {isa = PBXFileReference; lastKnownFileType = sourcecode.swift; path = AppDelegate.swift; sourceTree = "<group>"; };
		460B4A3A1C6B5CF60089CC7E /* ViewController.swift */ = {isa = PBXFileReference; lastKnownFileType = sourcecode.swift; path = ViewController.swift; sourceTree = "<group>"; };
		460B4A3D1C6B5CF60089CC7E /* Base */ = {isa = PBXFileReference; lastKnownFileType = file.storyboard; name = Base; path = Base.lproj/Main.storyboard; sourceTree = "<group>"; };
		460B4A3F1C6B5CF60089CC7E /* Assets.xcassets */ = {isa = PBXFileReference; lastKnownFileType = folder.assetcatalog; path = Assets.xcassets; sourceTree = "<group>"; };
		460B4A421C6B5CF60089CC7E /* Base */ = {isa = PBXFileReference; lastKnownFileType = file.storyboard; name = Base; path = Base.lproj/LaunchScreen.storyboard; sourceTree = "<group>"; };
		460B4A441C6B5CF60089CC7E /* Info.plist */ = {isa = PBXFileReference; lastKnownFileType = text.plist.xml; path = Info.plist; sourceTree = "<group>"; };
		460B4A491C6B5CF60089CC7E /* ImageniusTests.xctest */ = {isa = PBXFileReference; explicitFileType = wrapper.cfbundle; includeInIndex = 0; path = ImageniusTests.xctest; sourceTree = BUILT_PRODUCTS_DIR; };
		460B4A4D1C6B5CF60089CC7E /* ImageniusTests.swift */ = {isa = PBXFileReference; lastKnownFileType = sourcecode.swift; path = ImageniusTests.swift; sourceTree = "<group>"; };
		460B4A4F1C6B5CF60089CC7E /* Info.plist */ = {isa = PBXFileReference; lastKnownFileType = text.plist.xml; path = Info.plist; sourceTree = "<group>"; };
		460B4A541C6B5CF60089CC7E /* ImageniusUITests.xctest */ = {isa = PBXFileReference; explicitFileType = wrapper.cfbundle; includeInIndex = 0; path = ImageniusUITests.xctest; sourceTree = BUILT_PRODUCTS_DIR; };
		460B4A581C6B5CF60089CC7E /* ImageniusUITests.swift */ = {isa = PBXFileReference; lastKnownFileType = sourcecode.swift; path = ImageniusUITests.swift; sourceTree = "<group>"; };
		460B4A5A1C6B5CF60089CC7E /* Info.plist */ = {isa = PBXFileReference; lastKnownFileType = text.plist.xml; path = Info.plist; sourceTree = "<group>"; };
/* End PBXFileReference section */

/* Begin PBXFrameworksBuildPhase section */
		460B4A321C6B5CF60089CC7E /* Frameworks */ = {
			isa = PBXFrameworksBuildPhase;
			buildActionMask = 2147483647;
			files = (
			);
			runOnlyForDeploymentPostprocessing = 0;
		};
		460B4A461C6B5CF60089CC7E /* Frameworks */ = {
			isa = PBXFrameworksBuildPhase;
			buildActionMask = 2147483647;
			files = (
			);
			runOnlyForDeploymentPostprocessing = 0;
		};
		460B4A511C6B5CF60089CC7E /* Frameworks */ = {
			isa = PBXFrameworksBuildPhase;
			buildActionMask = 2147483647;
			files = (
			);
			runOnlyForDeploymentPostprocessing = 0;
		};
/* End PBXFrameworksBuildPhase section */

/* Begin PBXGroup section */
		460B4A2C1C6B5CF60089CC7E = {
			isa = PBXGroup;
			children = (
				460B4A371C6B5CF60089CC7E /* Imagenius */,
				460B4A4C1C6B5CF60089CC7E /* ImageniusTests */,
				460B4A571C6B5CF60089CC7E /* ImageniusUITests */,
				460B4A361C6B5CF60089CC7E /* Products */,
			);
			sourceTree = "<group>";
		};
		460B4A361C6B5CF60089CC7E /* Products */ = {
			isa = PBXGroup;
			children = (
				460B4A351C6B5CF60089CC7E /* Imagenius.app */,
				460B4A491C6B5CF60089CC7E /* ImageniusTests.xctest */,
				460B4A541C6B5CF60089CC7E /* ImageniusUITests.xctest */,
			);
			name = Products;
			sourceTree = "<group>";
		};
		460B4A371C6B5CF60089CC7E /* Imagenius */ = {
			isa = PBXGroup;
			children = (
				460B4A381C6B5CF60089CC7E /* AppDelegate.swift */,
				460B4A3A1C6B5CF60089CC7E /* ViewController.swift */,
				460B4A3C1C6B5CF60089CC7E /* Main.storyboard */,
				460B4A3F1C6B5CF60089CC7E /* Assets.xcassets */,
				460B4A411C6B5CF60089CC7E /* LaunchScreen.storyboard */,
				460B4A441C6B5CF60089CC7E /* Info.plist */,
			);
			path = Imagenius;
			sourceTree = "<group>";
		};
		460B4A4C1C6B5CF60089CC7E /* ImageniusTests */ = {
			isa = PBXGroup;
			children = (
				460B4A4D1C6B5CF60089CC7E /* ImageniusTests.swift */,
				460B4A4F1C6B5CF60089CC7E /* Info.plist */,
			);
			path = ImageniusTests;
			sourceTree = "<group>";
		};
		460B4A571C6B5CF60089CC7E /* ImageniusUITests */ = {
			isa = PBXGroup;
			children = (
				460B4A581C6B5CF60089CC7E /* ImageniusUITests.swift */,
				460B4A5A1C6B5CF60089CC7E /* Info.plist */,
			);
			path = ImageniusUITests;
			sourceTree = "<group>";
		};
/* End PBXGroup section */

/* Begin PBXNativeTarget section */
		460B4A341C6B5CF60089CC7E /* Imagenius */ = {
			isa = PBXNativeTarget;
			buildConfigurationList = 460B4A5D1C6B5CF60089CC7E /* Build configuration list for PBXNativeTarget "Imagenius" */;
			buildPhases = (
				460B4A311C6B5CF60089CC7E /* Sources */,
				460B4A321C6B5CF60089CC7E /* Frameworks */,
				460B4A331C6B5CF60089CC7E /* Resources */,
			);
			buildRules = (
			);
			dependencies = (
			);
			name = Imagenius;
			productName = Imagenius;
			productReference = 460B4A351C6B5CF60089CC7E /* Imagenius.app */;
			productType = "com.apple.product-type.application";
		};
		460B4A481C6B5CF60089CC7E /* ImageniusTests */ = {
			isa = PBXNativeTarget;
			buildConfigurationList = 460B4A601C6B5CF60089CC7E /* Build configuration list for PBXNativeTarget "ImageniusTests" */;
			buildPhases = (
				460B4A451C6B5CF60089CC7E /* Sources */,
				460B4A461C6B5CF60089CC7E /* Frameworks */,
				460B4A471C6B5CF60089CC7E /* Resources */,
			);
			buildRules = (
			);
			dependencies = (
				460B4A4B1C6B5CF60089CC7E /* PBXTargetDependency */,
			);
			name = ImageniusTests;
			productName = ImageniusTests;
			productReference = 460B4A491C6B5CF60089CC7E /* ImageniusTests.xctest */;
			productType = "com.apple.product-type.bundle.unit-test";
		};
		460B4A531C6B5CF60089CC7E /* ImageniusUITests */ = {
			isa = PBXNativeTarget;
			buildConfigurationList = 460B4A631C6B5CF60089CC7E /* Build configuration list for PBXNativeTarget "ImageniusUITests" */;
			buildPhases = (
				460B4A501C6B5CF60089CC7E /* Sources */,
				460B4A511C6B5CF60089CC7E /* Frameworks */,
				460B4A521C6B5CF60089CC7E /* Resources */,
			);
			buildRules = (
			);
			dependencies = (
				460B4A561C6B5CF60089CC7E /* PBXTargetDependency */,
			);
			name = ImageniusUITests;
			productName = ImageniusUITests;
			productReference = 460B4A541C6B5CF60089CC7E /* ImageniusUITests.xctest */;
			productType = "com.apple.product-type.bundle.ui-testing";
		};
/* End PBXNativeTarget section */

/* Begin PBXProject section */
		460B4A2D1C6B5CF60089CC7E /* Project object */ = {
			isa = PBXProject;
			attributes = {
				LastSwiftUpdateCheck = 0720;
				LastUpgradeCheck = 0720;
				ORGANIZATIONNAME = touyou;
				TargetAttributes = {
					460B4A341C6B5CF60089CC7E = {
						CreatedOnToolsVersion = 7.2;
						DevelopmentTeam = Q8H8J4PUJC;
					};
					460B4A481C6B5CF60089CC7E = {
						CreatedOnToolsVersion = 7.2;
						DevelopmentTeam = Q8H8J4PUJC;
						TestTargetID = 460B4A341C6B5CF60089CC7E;
					};
					460B4A531C6B5CF60089CC7E = {
						CreatedOnToolsVersion = 7.2;
						DevelopmentTeam = Q8H8J4PUJC;
						TestTargetID = 460B4A341C6B5CF60089CC7E;
					};
				};
			};
			buildConfigurationList = 460B4A301C6B5CF60089CC7E /* Build configuration list for PBXProject "Imagenius" */;
			compatibilityVersion = "Xcode 3.2";
			developmentRegion = English;
			hasScannedForEncodings = 0;
			knownRegions = (
				en,
				Base,
			);
			mainGroup = 460B4A2C1C6B5CF60089CC7E;
			productRefGroup = 460B4A361C6B5CF60089CC7E /* Products */;
			projectDirPath = "";
			projectRoot = "";
			targets = (
				460B4A341C6B5CF60089CC7E /* Imagenius */,
				460B4A481C6B5CF60089CC7E /* ImageniusTests */,
				460B4A531C6B5CF60089CC7E /* ImageniusUITests */,
			);
		};
/* End PBXProject section */

/* Begin PBXResourcesBuildPhase section */
		460B4A331C6B5CF60089CC7E /* Resources */ = {
			isa = PBXResourcesBuildPhase;
			buildActionMask = 2147483647;
			files = (
				460B4A431C6B5CF60089CC7E /* LaunchScreen.storyboard in Resources */,
				460B4A401C6B5CF60089CC7E /* Assets.xcassets in Resources */,
				460B4A3E1C6B5CF60089CC7E /* Main.storyboard in Resources */,
			);
			runOnlyForDeploymentPostprocessing = 0;
		};
		460B4A471C6B5CF60089CC7E /* Resources */ = {
			isa = PBXResourcesBuildPhase;
			buildActionMask = 2147483647;
			files = (
			);
			runOnlyForDeploymentPostprocessing = 0;
		};
		460B4A521C6B5CF60089CC7E /* Resources */ = {
			isa = PBXResourcesBuildPhase;
			buildActionMask = 2147483647;
			files = (
			);
			runOnlyForDeploymentPostprocessing = 0;
		};
/* End PBXResourcesBuildPhase section */

/* Begin PBXSourcesBuildPhase section */
		460B4A311C6B5CF60089CC7E /* Sources */ = {
			isa = PBXSourcesBuildPhase;
			buildActionMask = 2147483647;
			files = (
				460B4A3B1C6B5CF60089CC7E /* ViewController.swift in Sources */,
				460B4A391C6B5CF60089CC7E /* AppDelegate.swift in Sources */,
			);
			runOnlyForDeploymentPostprocessing = 0;
		};
		460B4A451C6B5CF60089CC7E /* Sources */ = {
			isa = PBXSourcesBuildPhase;
			buildActionMask = 2147483647;
			files = (
				460B4A4E1C6B5CF60089CC7E /* ImageniusTests.swift in Sources */,
			);
			runOnlyForDeploymentPostprocessing = 0;
		};
		460B4A501C6B5CF60089CC7E /* Sources */ = {
			isa = PBXSourcesBuildPhase;
			buildActionMask = 2147483647;
			files = (
				460B4A591C6B5CF60089CC7E /* ImageniusUITests.swift in Sources */,
			);
			runOnlyForDeploymentPostprocessing = 0;
		};
/* End PBXSourcesBuildPhase section */

/* Begin PBXTargetDependency section */
		460B4A4B1C6B5CF60089CC7E /* PBXTargetDependency */ = {
			isa = PBXTargetDependency;
			target = 460B4A341C6B5CF60089CC7E /* Imagenius */;
			targetProxy = 460B4A4A1C6B5CF60089CC7E /* PBXContainerItemProxy */;
		};
		460B4A561C6B5CF60089CC7E /* PBXTargetDependency */ = {
			isa = PBXTargetDependency;
			target = 460B4A341C6B5CF60089CC7E /* Imagenius */;
			targetProxy = 460B4A551C6B5CF60089CC7E /* PBXContainerItemProxy */;
		};
/* End PBXTargetDependency section */

/* Begin PBXVariantGroup section */
		460B4A3C1C6B5CF60089CC7E /* Main.storyboard */ = {
			isa = PBXVariantGroup;
			children = (
				460B4A3D1C6B5CF60089CC7E /* Base */,
			);
			name = Main.storyboard;
			sourceTree = "<group>";
		};
		460B4A411C6B5CF60089CC7E /* LaunchScreen.storyboard */ = {
			isa = PBXVariantGroup;
			children = (
				460B4A421C6B5CF60089CC7E /* Base */,
			);
			name = LaunchScreen.storyboard;
			sourceTree = "<group>";
		};
/* End PBXVariantGroup section */

/* Begin XCBuildConfiguration section */
		460B4A5B1C6B5CF60089CC7E /* Debug */ = {
			isa = XCBuildConfiguration;
			buildSettings = {
				ALWAYS_SEARCH_USER_PATHS = NO;
				CLANG_CXX_LANGUAGE_STANDARD = "gnu++0x";
				CLANG_CXX_LIBRARY = "libc++";
				CLANG_ENABLE_MODULES = YES;
				CLANG_ENABLE_OBJC_ARC = YES;
				CLANG_WARN_BOOL_CONVERSION = YES;
				CLANG_WARN_CONSTANT_CONVERSION = YES;
				CLANG_WARN_DIRECT_OBJC_ISA_USAGE = YES_ERROR;
				CLANG_WARN_EMPTY_BODY = YES;
				CLANG_WARN_ENUM_CONVERSION = YES;
				CLANG_WARN_INT_CONVERSION = YES;
				CLANG_WARN_OBJC_ROOT_CLASS = YES_ERROR;
				CLANG_WARN_UNREACHABLE_CODE = YES;
				CLANG_WARN__DUPLICATE_METHOD_MATCH = YES;
				"CODE_SIGN_IDENTITY[sdk=iphoneos*]" = "iPhone Developer";
				COPY_PHASE_STRIP = NO;
				DEBUG_INFORMATION_FORMAT = dwarf;
				ENABLE_STRICT_OBJC_MSGSEND = YES;
				ENABLE_TESTABILITY = YES;
				GCC_C_LANGUAGE_STANDARD = gnu99;
				GCC_DYNAMIC_NO_PIC = NO;
				GCC_NO_COMMON_BLOCKS = YES;
				GCC_OPTIMIZATION_LEVEL = 0;
				GCC_PREPROCESSOR_DEFINITIONS = (
					"DEBUG=1",
					"$(inherited)",
				);
				GCC_WARN_64_TO_32_BIT_CONVERSION = YES;
				GCC_WARN_ABOUT_RETURN_TYPE = YES_ERROR;
				GCC_WARN_UNDECLARED_SELECTOR = YES;
				GCC_WARN_UNINITIALIZED_AUTOS = YES_AGGRESSIVE;
				GCC_WARN_UNUSED_FUNCTION = YES;
				GCC_WARN_UNUSED_VARIABLE = YES;
				IPHONEOS_DEPLOYMENT_TARGET = 9.2;
				MTL_ENABLE_DEBUG_INFO = YES;
				ONLY_ACTIVE_ARCH = YES;
				SDKROOT = iphoneos;
				SWIFT_OPTIMIZATION_LEVEL = "-Onone";
			};
			name = Debug;
		};
		460B4A5C1C6B5CF60089CC7E /* Release */ = {
			isa = XCBuildConfiguration;
			buildSettings = {
				ALWAYS_SEARCH_USER_PATHS = NO;
				CLANG_CXX_LANGUAGE_STANDARD = "gnu++0x";
				CLANG_CXX_LIBRARY = "libc++";
				CLANG_ENABLE_MODULES = YES;
				CLANG_ENABLE_OBJC_ARC = YES;
				CLANG_WARN_BOOL_CONVERSION = YES;
				CLANG_WARN_CONSTANT_CONVERSION = YES;
				CLANG_WARN_DIRECT_OBJC_ISA_USAGE = YES_ERROR;
				CLANG_WARN_EMPTY_BODY = YES;
				CLANG_WARN_ENUM_CONVERSION = YES;
				CLANG_WARN_INT_CONVERSION = YES;
				CLANG_WARN_OBJC_ROOT_CLASS = YES_ERROR;
				CLANG_WARN_UNREACHABLE_CODE = YES;
				CLANG_WARN__DUPLICATE_METHOD_MATCH = YES;
				"CODE_SIGN_IDENTITY[sdk=iphoneos*]" = "iPhone Developer";
				COPY_PHASE_STRIP = NO;
				DEBUG_INFORMATION_FORMAT = "dwarf-with-dsym";
				ENABLE_NS_ASSERTIONS = NO;
				ENABLE_STRICT_OBJC_MSGSEND = YES;
				GCC_C_LANGUAGE_STANDARD = gnu99;
				GCC_NO_COMMON_BLOCKS = YES;
				GCC_WARN_64_TO_32_BIT_CONVERSION = YES;
				GCC_WARN_ABOUT_RETURN_TYPE = YES_ERROR;
				GCC_WARN_UNDECLARED_SELECTOR = YES;
				GCC_WARN_UNINITIALIZED_AUTOS = YES_AGGRESSIVE;
				GCC_WARN_UNUSED_FUNCTION = YES;
				GCC_WARN_UNUSED_VARIABLE = YES;
				IPHONEOS_DEPLOYMENT_TARGET = 9.2;
				MTL_ENABLE_DEBUG_INFO = NO;
				SDKROOT = iphoneos;
				VALIDATE_PRODUCT = YES;
			};
			name = Release;
		};
		460B4A5E1C6B5CF60089CC7E /* Debug */ = {
			isa = XCBuildConfiguration;
			buildSettings = {
				ASSETCATALOG_COMPILER_APPICON_NAME = AppIcon;
				INFOPLIST_FILE = Imagenius/Info.plist;
				LD_RUNPATH_SEARCH_PATHS = "$(inherited) @executable_path/Frameworks";
				PRODUCT_BUNDLE_IDENTIFIER = io.github.touyou.Imagenius;
				PRODUCT_NAME = "$(TARGET_NAME)";
			};
			name = Debug;
		};
		460B4A5F1C6B5CF60089CC7E /* Release */ = {
			isa = XCBuildConfiguration;
			buildSettings = {
				ASSETCATALOG_COMPILER_APPICON_NAME = AppIcon;
				INFOPLIST_FILE = Imagenius/Info.plist;
				LD_RUNPATH_SEARCH_PATHS = "$(inherited) @executable_path/Frameworks";
				PRODUCT_BUNDLE_IDENTIFIER = io.github.touyou.Imagenius;
				PRODUCT_NAME = "$(TARGET_NAME)";
			};
			name = Release;
		};
		460B4A611C6B5CF60089CC7E /* Debug */ = {
			isa = XCBuildConfiguration;
			buildSettings = {
				BUNDLE_LOADER = "$(TEST_HOST)";
				INFOPLIST_FILE = ImageniusTests/Info.plist;
				LD_RUNPATH_SEARCH_PATHS = "$(inherited) @executable_path/Frameworks @loader_path/Frameworks";
				PRODUCT_BUNDLE_IDENTIFIER = io.github.touyou.ImageniusTests;
				PRODUCT_NAME = "$(TARGET_NAME)";
				TEST_HOST = "$(BUILT_PRODUCTS_DIR)/Imagenius.app/Imagenius";
			};
			name = Debug;
		};
		460B4A621C6B5CF60089CC7E /* Release */ = {
			isa = XCBuildConfiguration;
			buildSettings = {
				BUNDLE_LOADER = "$(TEST_HOST)";
				INFOPLIST_FILE = ImageniusTests/Info.plist;
				LD_RUNPATH_SEARCH_PATHS = "$(inherited) @executable_path/Frameworks @loader_path/Frameworks";
				PRODUCT_BUNDLE_IDENTIFIER = io.github.touyou.ImageniusTests;
				PRODUCT_NAME = "$(TARGET_NAME)";
				TEST_HOST = "$(BUILT_PRODUCTS_DIR)/Imagenius.app/Imagenius";
			};
			name = Release;
		};
		460B4A641C6B5CF60089CC7E /* Debug */ = {
			isa = XCBuildConfiguration;
			buildSettings = {
				INFOPLIST_FILE = ImageniusUITests/Info.plist;
				LD_RUNPATH_SEARCH_PATHS = "$(inherited) @executable_path/Frameworks @loader_path/Frameworks";
				PRODUCT_BUNDLE_IDENTIFIER = io.github.touyou.ImageniusUITests;
				PRODUCT_NAME = "$(TARGET_NAME)";
				TEST_TARGET_NAME = Imagenius;
				USES_XCTRUNNER = YES;
			};
			name = Debug;
		};
		460B4A651C6B5CF60089CC7E /* Release */ = {
			isa = XCBuildConfiguration;
			buildSettings = {
				INFOPLIST_FILE = ImageniusUITests/Info.plist;
				LD_RUNPATH_SEARCH_PATHS = "$(inherited) @executable_path/Frameworks @loader_path/Frameworks";
				PRODUCT_BUNDLE_IDENTIFIER = io.github.touyou.ImageniusUITests;
				PRODUCT_NAME = "$(TARGET_NAME)";
				TEST_TARGET_NAME = Imagenius;
				USES_XCTRUNNER = YES;
			};
			name = Release;
		};
/* End XCBuildConfiguration section */

/* Begin XCConfigurationList section */
		460B4A301C6B5CF60089CC7E /* Build configuration list for PBXProject "Imagenius" */ = {
			isa = XCConfigurationList;
			buildConfigurations = (
				460B4A5B1C6B5CF60089CC7E /* Debug */,
				460B4A5C1C6B5CF60089CC7E /* Release */,
			);
			defaultConfigurationIsVisible = 0;
			defaultConfigurationName = Release;
		};
		460B4A5D1C6B5CF60089CC7E /* Build configuration list for PBXNativeTarget "Imagenius" */ = {
			isa = XCConfigurationList;
			buildConfigurations = (
				460B4A5E1C6B5CF60089CC7E /* Debug */,
				460B4A5F1C6B5CF60089CC7E /* Release */,
			);
			defaultConfigurationIsVisible = 0;
		};
		460B4A601C6B5CF60089CC7E /* Build configuration list for PBXNativeTarget "ImageniusTests" */ = {
			isa = XCConfigurationList;
			buildConfigurations = (
				460B4A611C6B5CF60089CC7E /* Debug */,
				460B4A621C6B5CF60089CC7E /* Release */,
			);
			defaultConfigurationIsVisible = 0;
		};
		460B4A631C6B5CF60089CC7E /* Build configuration list for PBXNativeTarget "ImageniusUITests" */ = {
			isa = XCConfigurationList;
			buildConfigurations = (
				460B4A641C6B5CF60089CC7E /* Debug */,
				460B4A651C6B5CF60089CC7E /* Release */,
			);
			defaultConfigurationIsVisible = 0;
		};
/* End XCConfigurationList section */
	};
	rootObject = 460B4A2D1C6B5CF60089CC7E /* Project object */;
}
