PODS:
  - Alamofire (4.0.0-beta.2)
  - DZNEmptyDataSet (1.8.1)
  - Google-Mobile-Ads-SDK (7.10.1)
  - KTCenterFlowLayout (1.3)
  - Realm (1.0.2):
    - Realm/Headers (= 1.0.2)
  - Realm/Headers (1.0.2)
  - RealmSwift (1.0.2):
    - Realm (= 1.0.2)
  - RegExCategories (1.0)
  - RxCocoa (3.0.0.alpha.1):
    - RxSwift (~> 3.0.0.alpha.1)
  - RxSwift (3.0.0.alpha.1)
  - SDWebImage (3.8.2):
    - SDWebImage/Core (= 3.8.2)
  - SDWebImage/Core (3.8.2)
  - SwiftyJSON (2.3.2)
  - SWTableViewCell (0.3.7)
  - TTTAttributedLabel (2.0.0)

DEPENDENCIES:
  - Alamofire (from `https://github.com/Alamofire/Alamofire.git`, branch `swift3`)
  - DZNEmptyDataSet
  - Google-Mobile-Ads-SDK (~> 7.0)
  - KTCenterFlowLayout
  - RealmSwift (from `git@github.com:realm/realm-cocoa.git`, branch `master`)
  - RegExCategories (~> 1.0)
  - RxCocoa (from `https://github.com/ReactiveX/RxSwift.git`, branch `develop`)
  - RxSwift (from `https://github.com/ReactiveX/RxSwift.git`, branch `develop`)
  - SDWebImage
  - SwiftyJSON (from `https://github.com/IBM-Swift/SwiftyJSON.git`)
  - SWTableViewCell (~> 0.3.7)
  - TTTAttributedLabel

EXTERNAL SOURCES:
  Alamofire:
    :branch: swift3
    :git: https://github.com/Alamofire/Alamofire.git
  RealmSwift:
    :branch: master
    :git: git@github.com:realm/realm-cocoa.git
    :submodules: true
  RxCocoa:
    :branch: develop
    :git: https://github.com/ReactiveX/RxSwift.git
  RxSwift:
    :branch: develop
    :git: https://github.com/ReactiveX/RxSwift.git
  SwiftyJSON:
    :git: https://github.com/IBM-Swift/SwiftyJSON.git

CHECKOUT OPTIONS:
  Alamofire:
    :commit: 680690beaa7abf9578487688de4d24d038f679b5
    :git: https://github.com/Alamofire/Alamofire.git
  RealmSwift:
    :commit: 742e530446e7c3b74abdf902b9109ab8f1086753
    :git: git@github.com:realm/realm-cocoa.git
    :submodules: true
  RxCocoa:
    :commit: c99a49aa66ea830780bd3be1f11b3bac2b690c90
    :git: https://github.com/ReactiveX/RxSwift.git
  RxSwift:
    :commit: c99a49aa66ea830780bd3be1f11b3bac2b690c90
    :git: https://github.com/ReactiveX/RxSwift.git
  SwiftyJSON:
    :commit: 46324eb5c8ba6adf6b31b16d3173c194242558de
    :git: https://github.com/IBM-Swift/SwiftyJSON.git

SPEC CHECKSUMS:
  Alamofire: 7f837be535fe424db2b87d9117f13836939719ca
  DZNEmptyDataSet: 9525833b9e68ac21c30253e1d3d7076cc828eaa7
  Google-Mobile-Ads-SDK: c8da9e592fe43d9b47ef86b018cadb71af53f6b3
  KTCenterFlowLayout: 2905970d36c653d9a7736c20bfa0d37dcf797d6b
  Realm: 9d5c46a4d7d27958530a8dfc58f63a99e5c2cba3
  RealmSwift: 4816c8608630a9a00bba6d726bb30b4bab6dd6bf
  RegExCategories: e68befacacd5bda853c88f70ec745cb2d0cfb89c
  RxCocoa: 37b3b167eaa14446a315493ef6a188b277942b15
  RxSwift: 0bccfee1e979c1b72a5d1dffdf96119303b5d111
  SDWebImage: 098e97e6176540799c27e804c96653ee0833d13c
  SwiftyJSON: 04ccea08915aa0109039157c7974cf0298da292a
  SWTableViewCell: 2a94aadc9d47b2b611fa064566bf57948b95b579
  TTTAttributedLabel: 8cffe8e127e4e82ff3af1e5386d4cd0ad000b656

PODFILE CHECKSUM: af9e4fc2b5aa281ae2242e0eadaa6c1f9a117830

COCOAPODS: 1.0.1
